// !$*UTF8*$!
{
	archiveVersion = 1;
	classes = {
	};
	objectVersion = 48;
	objects = {

/* Begin PBXBuildFile section */
		4300C05A2701664F0069473A /* NCNetworkData.m in Sources */ = {isa = PBXBuildFile; fileRef = 4300C0592701664E0069473A /* NCNetworkData.m */; };
		4300C0602701775E0069473A /* NCNetworkData.m in Sources */ = {isa = PBXBuildFile; fileRef = 4300C0592701664E0069473A /* NCNetworkData.m */; };
		4386FB29270446CC00C6EE2A /* ViewManager.m in Sources */ = {isa = PBXBuildFile; fileRef = 4386FB28270446CB00C6EE2A /* ViewManager.m */; };
		D430BCB32058C03000EC49AE /* NCTestCenter.m in Sources */ = {isa = PBXBuildFile; fileRef = D430BCB22058C02F00EC49AE /* NCTestCenter.m */; };
		D4892E972043B1730052267E /* NCMainViewController.m in Sources */ = {isa = PBXBuildFile; fileRef = D4892E962043B1730052267E /* NCMainViewController.m */; };
		D4892EA02043B41F0052267E /* NCMainViewCell.m in Sources */ = {isa = PBXBuildFile; fileRef = D4892E9F2043B41F0052267E /* NCMainViewCell.m */; };
		D4892F2C204577600052267E /* NaiveStudio.mm in Sources */ = {isa = PBXBuildFile; fileRef = D4892F2B204577600052267E /* NaiveStudio.mm */; };
		D4E06E85203701CA0095F442 /* NaiveStudio.storyboard in Resources */ = {isa = PBXBuildFile; fileRef = D4E06E83203701CA0095F442 /* NaiveStudio.storyboard */; };
		D4E06E87203701CA0095F442 /* Assets.xcassets in Resources */ = {isa = PBXBuildFile; fileRef = D4E06E86203701CA0095F442 /* Assets.xcassets */; };
		D4E06E8A203701CA0095F442 /* LaunchScreen.storyboard in Resources */ = {isa = PBXBuildFile; fileRef = D4E06E88203701CA0095F442 /* LaunchScreen.storyboard */; };
		D4E06E8D203701CA0095F442 /* main.m in Sources */ = {isa = PBXBuildFile; fileRef = D4E06E8C203701CA0095F442 /* main.m */; };
		D4E06E97203701CA0095F442 /* NaiveStudioTests.m in Sources */ = {isa = PBXBuildFile; fileRef = D4E06E96203701CA0095F442 /* NaiveStudioTests.m */; };
		D4E06EC9203703980095F442 /* NCProject.m in Sources */ = {isa = PBXBuildFile; fileRef = D4E06EA5203703940095F442 /* NCProject.m */; };
		D4E06ECA203703980095F442 /* NCProjectManager.m in Sources */ = {isa = PBXBuildFile; fileRef = D4E06EA6203703940095F442 /* NCProjectManager.m */; };
		D4E06ECB203703980095F442 /* NCConsole.m in Sources */ = {isa = PBXBuildFile; fileRef = D4E06EA9203703950095F442 /* NCConsole.m */; };
		D4E06ECC203703980095F442 /* NCInterpreterController.mm in Sources */ = {isa = PBXBuildFile; fileRef = D4E06EAA203703950095F442 /* NCInterpreterController.mm */; };
		D4E06ECD203703980095F442 /* Common.mm in Sources */ = {isa = PBXBuildFile; fileRef = D4E06EAB203703950095F442 /* Common.mm */; };
		D4E06ECE203703980095F442 /* NCTextManager.mm in Sources */ = {isa = PBXBuildFile; fileRef = D4E06EB3203703960095F442 /* NCTextManager.mm */; };
		D4E06ECF203703980095F442 /* NCProjectContentViewController.m in Sources */ = {isa = PBXBuildFile; fileRef = D4E06EB4203703960095F442 /* NCProjectContentViewController.m */; };
		D4E06ED0203703980095F442 /* NCAddNewFileViewController.m in Sources */ = {isa = PBXBuildFile; fileRef = D4E06EB5203703960095F442 /* NCAddNewFileViewController.m */; };
		D4E06ED1203703980095F442 /* NCProjectTableViewCell.m in Sources */ = {isa = PBXBuildFile; fileRef = D4E06EB6203703960095F442 /* NCProjectTableViewCell.m */; };
		D4E06ED2203703980095F442 /* UIViewController+NCExtension.m in Sources */ = {isa = PBXBuildFile; fileRef = D4E06EB7203703960095F442 /* UIViewController+NCExtension.m */; };
		D4E06ED3203703980095F442 /* NCEditorViewController.mm in Sources */ = {isa = PBXBuildFile; fileRef = D4E06EB9203703960095F442 /* NCEditorViewController.mm */; };
		D4E06ED5203703980095F442 /* NCCodeTemplate.m in Sources */ = {isa = PBXBuildFile; fileRef = D4E06EBB203703960095F442 /* NCCodeTemplate.m */; };
		D4E06ED6203703980095F442 /* image.xcassets in Resources */ = {isa = PBXBuildFile; fileRef = D4E06EBF203703970095F442 /* image.xcassets */; };
		D4E06ED7203703980095F442 /* NCDataSource.m in Sources */ = {isa = PBXBuildFile; fileRef = D4E06EC0203703970095F442 /* NCDataSource.m */; };
		D4E06ED8203703980095F442 /* NCCodeFastInputViewController.m in Sources */ = {isa = PBXBuildFile; fileRef = D4E06EC2203703970095F442 /* NCCodeFastInputViewController.m */; };
		D4E06ED9203703980095F442 /* LaunchScreen.storyboard in Resources */ = {isa = PBXBuildFile; fileRef = D4E06EC5203703980095F442 /* LaunchScreen.storyboard */; };
		D4E06F0920386B810095F442 /* NaiveC.framework in Frameworks */ = {isa = PBXBuildFile; fileRef = D4E06EE420370E1C0095F442 /* NaiveC.framework */; };
		D4E06F0A20386B810095F442 /* NaiveC.framework in Embed Frameworks */ = {isa = PBXBuildFile; fileRef = D4E06EE420370E1C0095F442 /* NaiveC.framework */; settings = {ATTRIBUTES = (CodeSignOnCopy, RemoveHeadersOnCopy, ); }; };
		ED2438822050220800AC27EB /* NSTestManager.m in Sources */ = {isa = PBXBuildFile; fileRef = ED2438812050220800AC27EB /* NSTestManager.m */; };
		F31D7F862122FB5600E11E5F /* libOnlineDebugToolkit.m in Sources */ = {isa = PBXBuildFile; fileRef = F31D7F852122FB5600E11E5F /* libOnlineDebugToolkit.m */; };
		F31D7F872122FB5600E11E5F /* libOnlineDebugToolkit.h in CopyFiles */ = {isa = PBXBuildFile; fileRef = F31D7F842122FB5600E11E5F /* libOnlineDebugToolkit.h */; };
		F31D7F8C2122FB8700E11E5F /* liblibNaiveC.a in Frameworks */ = {isa = PBXBuildFile; fileRef = F31D7F8B2122FB8700E11E5F /* liblibNaiveC.a */; };
		F31D7F8D2122FB9500E11E5F /* NCTestCenter.h in Sources */ = {isa = PBXBuildFile; fileRef = D430BCB12058C02F00EC49AE /* NCTestCenter.h */; };
		F31D7F8E2122FB9500E11E5F /* NCTestCenter.m in Sources */ = {isa = PBXBuildFile; fileRef = D430BCB22058C02F00EC49AE /* NCTestCenter.m */; };
		F31D7F902122FB9500E11E5F /* Common.h in Sources */ = {isa = PBXBuildFile; fileRef = D4E06EBE203703970095F442 /* Common.h */; };
		F31D7F912122FB9500E11E5F /* Common.mm in Sources */ = {isa = PBXBuildFile; fileRef = D4E06EAB203703950095F442 /* Common.mm */; };
		F31D7F932122FB9500E11E5F /* NCProject.m in Sources */ = {isa = PBXBuildFile; fileRef = D4E06EA5203703940095F442 /* NCProject.m */; };
		F31D7F942122FB9500E11E5F /* NCProjectManager.m in Sources */ = {isa = PBXBuildFile; fileRef = D4E06EA6203703940095F442 /* NCProjectManager.m */; };
		F31D7F952122FB9500E11E5F /* NCProject.h in Sources */ = {isa = PBXBuildFile; fileRef = D4E06EA7203703940095F442 /* NCProject.h */; };
		F31D7F962122FB9500E11E5F /* NCProjectManager.h in Sources */ = {isa = PBXBuildFile; fileRef = D4E06EA8203703940095F442 /* NCProjectManager.h */; };
		F31D7F972122FB9500E11E5F /* NSTestManager.h in Sources */ = {isa = PBXBuildFile; fileRef = ED2438802050220800AC27EB /* NSTestManager.h */; };
		F31D7F982122FB9500E11E5F /* NSTestManager.m in Sources */ = {isa = PBXBuildFile; fileRef = ED2438812050220800AC27EB /* NSTestManager.m */; };
		F31D7F992122FB9500E11E5F /* NCAddNewFileViewController.h in Sources */ = {isa = PBXBuildFile; fileRef = D4E06EB1203703950095F442 /* NCAddNewFileViewController.h */; };
		F31D7F9A2122FB9500E11E5F /* NCAddNewFileViewController.m in Sources */ = {isa = PBXBuildFile; fileRef = D4E06EB5203703960095F442 /* NCAddNewFileViewController.m */; };
		F31D7F9B2122FB9500E11E5F /* NCCodeFastInputViewController.h in Sources */ = {isa = PBXBuildFile; fileRef = D4E06EB0203703950095F442 /* NCCodeFastInputViewController.h */; };
		F31D7F9C2122FB9500E11E5F /* NCCodeFastInputViewController.m in Sources */ = {isa = PBXBuildFile; fileRef = D4E06EC2203703970095F442 /* NCCodeFastInputViewController.m */; };
		F31D7F9D2122FB9500E11E5F /* NCCodeTemplate.h in Sources */ = {isa = PBXBuildFile; fileRef = D4E06EB8203703960095F442 /* NCCodeTemplate.h */; };
		F31D7F9E2122FB9500E11E5F /* NCCodeTemplate.m in Sources */ = {isa = PBXBuildFile; fileRef = D4E06EBB203703960095F442 /* NCCodeTemplate.m */; };
		F31D7F9F2122FB9500E11E5F /* NCConsole.h in Sources */ = {isa = PBXBuildFile; fileRef = D4E06EB2203703950095F442 /* NCConsole.h */; };
		F31D7FA02122FB9500E11E5F /* NCConsole.m in Sources */ = {isa = PBXBuildFile; fileRef = D4E06EA9203703950095F442 /* NCConsole.m */; };
		F31D7FA12122FB9500E11E5F /* NCDataSource.h in Sources */ = {isa = PBXBuildFile; fileRef = D4E06EAE203703950095F442 /* NCDataSource.h */; };
		F31D7FA22122FB9500E11E5F /* NCDataSource.m in Sources */ = {isa = PBXBuildFile; fileRef = D4E06EC0203703970095F442 /* NCDataSource.m */; };
		F31D7FA32122FB9500E11E5F /* NCEditorViewController.h in Sources */ = {isa = PBXBuildFile; fileRef = D4E06EC3203703970095F442 /* NCEditorViewController.h */; };
		F31D7FA42122FB9500E11E5F /* NCEditorViewController.mm in Sources */ = {isa = PBXBuildFile; fileRef = D4E06EB9203703960095F442 /* NCEditorViewController.mm */; };
		F31D7FA52122FB9500E11E5F /* NCInterpreterController.h in Sources */ = {isa = PBXBuildFile; fileRef = D4E06EAF203703950095F442 /* NCInterpreterController.h */; };
		F31D7FA62122FB9500E11E5F /* NCInterpreterController.mm in Sources */ = {isa = PBXBuildFile; fileRef = D4E06EAA203703950095F442 /* NCInterpreterController.mm */; };
		F31D7FA72122FB9500E11E5F /* NCMainViewCell.h in Sources */ = {isa = PBXBuildFile; fileRef = D4892E9E2043B41F0052267E /* NCMainViewCell.h */; };
		F31D7FA82122FB9500E11E5F /* NCMainViewCell.m in Sources */ = {isa = PBXBuildFile; fileRef = D4892E9F2043B41F0052267E /* NCMainViewCell.m */; };
		F31D7FA92122FB9500E11E5F /* NCMainViewController.h in Sources */ = {isa = PBXBuildFile; fileRef = D4892E952043B1730052267E /* NCMainViewController.h */; };
		F31D7FAA2122FB9500E11E5F /* NCMainViewController.m in Sources */ = {isa = PBXBuildFile; fileRef = D4892E962043B1730052267E /* NCMainViewController.m */; };
		F31D7FAB2122FB9500E11E5F /* NCProjectContentViewController.h in Sources */ = {isa = PBXBuildFile; fileRef = D4E06EBC203703970095F442 /* NCProjectContentViewController.h */; };
		F31D7FAC2122FB9500E11E5F /* NCProjectContentViewController.m in Sources */ = {isa = PBXBuildFile; fileRef = D4E06EB4203703960095F442 /* NCProjectContentViewController.m */; };
		F31D7FAD2122FB9500E11E5F /* NCProjectTableViewCell.h in Sources */ = {isa = PBXBuildFile; fileRef = D4E06EBD203703970095F442 /* NCProjectTableViewCell.h */; };
		F31D7FAE2122FB9500E11E5F /* NCProjectTableViewCell.m in Sources */ = {isa = PBXBuildFile; fileRef = D4E06EB6203703960095F442 /* NCProjectTableViewCell.m */; };
		F31D7FAF2122FB9500E11E5F /* NCTextManager.h in Sources */ = {isa = PBXBuildFile; fileRef = D4E06EAD203703950095F442 /* NCTextManager.h */; };
		F31D7FB02122FB9500E11E5F /* NCTextManager.mm in Sources */ = {isa = PBXBuildFile; fileRef = D4E06EB3203703960095F442 /* NCTextManager.mm */; };
		F31D7FB12122FB9500E11E5F /* UIViewController+NCExtension.h in Sources */ = {isa = PBXBuildFile; fileRef = D4E06EC1203703970095F442 /* UIViewController+NCExtension.h */; };
		F31D7FB22122FB9500E11E5F /* UIViewController+NCExtension.m in Sources */ = {isa = PBXBuildFile; fileRef = D4E06EB7203703960095F442 /* UIViewController+NCExtension.m */; };
		F31D7FB32122FB9500E11E5F /* NaiveStudio.h in Sources */ = {isa = PBXBuildFile; fileRef = D4892F2A204577600052267E /* NaiveStudio.h */; };
		F31D7FB42122FB9500E11E5F /* NaiveStudio.mm in Sources */ = {isa = PBXBuildFile; fileRef = D4892F2B204577600052267E /* NaiveStudio.mm */; };
		F31D7FBC2122FB9500E11E5F /* NaiveStudioSDK.h in Sources */ = {isa = PBXBuildFile; fileRef = D4892EEC204569800052267E /* NaiveStudioSDK.h */; };
		F31D7FC02122FB9500E11E5F /* libOnlineDebugToolkit.h in Sources */ = {isa = PBXBuildFile; fileRef = F31D7F842122FB5600E11E5F /* libOnlineDebugToolkit.h */; };
		F31D80522124221A00E11E5F /* AppDelegate.m in Sources */ = {isa = PBXBuildFile; fileRef = F31D80502124221900E11E5F /* AppDelegate.m */; };
		F366DA1A21ECC622001824AE /* GCDWebServerResponse.m in Sources */ = {isa = PBXBuildFile; fileRef = F366D9FE21ECC621001824AE /* GCDWebServerResponse.m */; };
		F366DA1B21ECC622001824AE /* GCDWebServerRequest.m in Sources */ = {isa = PBXBuildFile; fileRef = F366DA0121ECC621001824AE /* GCDWebServerRequest.m */; };
		F366DA1C21ECC622001824AE /* GCDWebServerFunctions.m in Sources */ = {isa = PBXBuildFile; fileRef = F366DA0421ECC621001824AE /* GCDWebServerFunctions.m */; };
		F366DA1D21ECC622001824AE /* GCDWebServer.m in Sources */ = {isa = PBXBuildFile; fileRef = F366DA0521ECC621001824AE /* GCDWebServer.m */; };
		F366DA1E21ECC622001824AE /* GCDWebServerConnection.m in Sources */ = {isa = PBXBuildFile; fileRef = F366DA0621ECC621001824AE /* GCDWebServerConnection.m */; };
		F366DA1F21ECC622001824AE /* GCDWebServerErrorResponse.m in Sources */ = {isa = PBXBuildFile; fileRef = F366DA0B21ECC621001824AE /* GCDWebServerErrorResponse.m */; };
		F366DA2021ECC622001824AE /* GCDWebServerFileResponse.m in Sources */ = {isa = PBXBuildFile; fileRef = F366DA0D21ECC621001824AE /* GCDWebServerFileResponse.m */; };
		F366DA2121ECC622001824AE /* GCDWebServerDataResponse.m in Sources */ = {isa = PBXBuildFile; fileRef = F366DA0E21ECC621001824AE /* GCDWebServerDataResponse.m */; };
		F366DA2221ECC622001824AE /* GCDWebServerStreamedResponse.m in Sources */ = {isa = PBXBuildFile; fileRef = F366DA1021ECC621001824AE /* GCDWebServerStreamedResponse.m */; };
		F366DA2321ECC622001824AE /* GCDWebServerURLEncodedFormRequest.m in Sources */ = {isa = PBXBuildFile; fileRef = F366DA1521ECC621001824AE /* GCDWebServerURLEncodedFormRequest.m */; };
		F366DA2421ECC622001824AE /* GCDWebServerMultiPartFormRequest.m in Sources */ = {isa = PBXBuildFile; fileRef = F366DA1621ECC621001824AE /* GCDWebServerMultiPartFormRequest.m */; };
		F366DA2521ECC622001824AE /* GCDWebServerDataRequest.m in Sources */ = {isa = PBXBuildFile; fileRef = F366DA1721ECC621001824AE /* GCDWebServerDataRequest.m */; };
		F366DA2621ECC622001824AE /* GCDWebServerFileRequest.m in Sources */ = {isa = PBXBuildFile; fileRef = F366DA1821ECC621001824AE /* GCDWebServerFileRequest.m */; };
		F3A5B05C212FD8F00034232C /* NCBuiltinManager.mm in Sources */ = {isa = PBXBuildFile; fileRef = F3A5B05B212FD8F00034232C /* NCBuiltinManager.mm */; };
		F3A5B05E212FE4920034232C /* NCBuiltinManager.mm in Sources */ = {isa = PBXBuildFile; fileRef = F3A5B05B212FD8F00034232C /* NCBuiltinManager.mm */; };
		F3D0218421E3717400C05483 /* NCServerManager.m in Sources */ = {isa = PBXBuildFile; fileRef = F3D0218321E3717400C05483 /* NCServerManager.m */; };
		F3D0218F21E373E300C05483 /* UIView+Avatar.m in Sources */ = {isa = PBXBuildFile; fileRef = F3D0218E21E373E300C05483 /* UIView+Avatar.m */; };
		F3D021C921E494A600C05483 /* NCBuiltinManager.h in Sources */ = {isa = PBXBuildFile; fileRef = F3A5B05A212FD8F00034232C /* NCBuiltinManager.h */; };
		F3D021CA21E494A600C05483 /* NCBuiltinManager.mm in Sources */ = {isa = PBXBuildFile; fileRef = F3A5B05B212FD8F00034232C /* NCBuiltinManager.mm */; };
		F3D021CB21E494A600C05483 /* NCCodeEngine_iOS.h in Sources */ = {isa = PBXBuildFile; fileRef = F31D7FC22122FC9B00E11E5F /* NCCodeEngine_iOS.h */; };
		F3D021CC21E494A600C05483 /* NCTestCenter.h in Sources */ = {isa = PBXBuildFile; fileRef = D430BCB12058C02F00EC49AE /* NCTestCenter.h */; };
		F3D021CD21E494A600C05483 /* NCTestCenter.m in Sources */ = {isa = PBXBuildFile; fileRef = D430BCB22058C02F00EC49AE /* NCTestCenter.m */; };
		F3D021CE21E494A600C05483 /* Common.h in Sources */ = {isa = PBXBuildFile; fileRef = D4E06EBE203703970095F442 /* Common.h */; };
		F3D021CF21E494A600C05483 /* Common.mm in Sources */ = {isa = PBXBuildFile; fileRef = D4E06EAB203703950095F442 /* Common.mm */; };
		F3D021D021E494A600C05483 /* image.xcassets in Sources */ = {isa = PBXBuildFile; fileRef = D4E06EBF203703970095F442 /* image.xcassets */; };
		F3D021D121E494A600C05483 /* NCProject.h in Sources */ = {isa = PBXBuildFile; fileRef = D4E06EA7203703940095F442 /* NCProject.h */; };
		F3D021D221E494A600C05483 /* NCProject.m in Sources */ = {isa = PBXBuildFile; fileRef = D4E06EA5203703940095F442 /* NCProject.m */; };
		F3D021D321E494A600C05483 /* NCProjectManager.h in Sources */ = {isa = PBXBuildFile; fileRef = D4E06EA8203703940095F442 /* NCProjectManager.h */; };
		F3D021D421E494A600C05483 /* NCProjectManager.m in Sources */ = {isa = PBXBuildFile; fileRef = D4E06EA6203703940095F442 /* NCProjectManager.m */; };
		F3D021D521E494A600C05483 /* NSTestManager.h in Sources */ = {isa = PBXBuildFile; fileRef = ED2438802050220800AC27EB /* NSTestManager.h */; };
		F3D021D621E494A600C05483 /* NSTestManager.m in Sources */ = {isa = PBXBuildFile; fileRef = ED2438812050220800AC27EB /* NSTestManager.m */; };
		F3D021D721E494A600C05483 /* NCAddNewFileViewController.h in Sources */ = {isa = PBXBuildFile; fileRef = D4E06EB1203703950095F442 /* NCAddNewFileViewController.h */; };
		F3D021D821E494A600C05483 /* NCAddNewFileViewController.m in Sources */ = {isa = PBXBuildFile; fileRef = D4E06EB5203703960095F442 /* NCAddNewFileViewController.m */; };
		F3D021D921E494A600C05483 /* NCCodeFastInputViewController.h in Sources */ = {isa = PBXBuildFile; fileRef = D4E06EB0203703950095F442 /* NCCodeFastInputViewController.h */; };
		F3D021DA21E494A600C05483 /* NCCodeFastInputViewController.m in Sources */ = {isa = PBXBuildFile; fileRef = D4E06EC2203703970095F442 /* NCCodeFastInputViewController.m */; };
		F3D021DB21E494A600C05483 /* NCCodeTemplate.h in Sources */ = {isa = PBXBuildFile; fileRef = D4E06EB8203703960095F442 /* NCCodeTemplate.h */; };
		F3D021DC21E494A600C05483 /* NCCodeTemplate.m in Sources */ = {isa = PBXBuildFile; fileRef = D4E06EBB203703960095F442 /* NCCodeTemplate.m */; };
		F3D021DD21E494A600C05483 /* NCConsole.h in Sources */ = {isa = PBXBuildFile; fileRef = D4E06EB2203703950095F442 /* NCConsole.h */; };
		F3D021DE21E494A600C05483 /* NCConsole.m in Sources */ = {isa = PBXBuildFile; fileRef = D4E06EA9203703950095F442 /* NCConsole.m */; };
		F3D021DF21E494A600C05483 /* NCDataSource.h in Sources */ = {isa = PBXBuildFile; fileRef = D4E06EAE203703950095F442 /* NCDataSource.h */; };
		F3D021E021E494A600C05483 /* NCDataSource.m in Sources */ = {isa = PBXBuildFile; fileRef = D4E06EC0203703970095F442 /* NCDataSource.m */; };
		F3D021E121E494A600C05483 /* NCEditorViewController.h in Sources */ = {isa = PBXBuildFile; fileRef = D4E06EC3203703970095F442 /* NCEditorViewController.h */; };
		F3D021E221E494A600C05483 /* NCEditorViewController.mm in Sources */ = {isa = PBXBuildFile; fileRef = D4E06EB9203703960095F442 /* NCEditorViewController.mm */; };
		F3D021E321E494A600C05483 /* NCInterpreterController.h in Sources */ = {isa = PBXBuildFile; fileRef = D4E06EAF203703950095F442 /* NCInterpreterController.h */; };
		F3D021E421E494A600C05483 /* NCInterpreterController.mm in Sources */ = {isa = PBXBuildFile; fileRef = D4E06EAA203703950095F442 /* NCInterpreterController.mm */; };
		F3D021E521E494A600C05483 /* NCMainViewCell.h in Sources */ = {isa = PBXBuildFile; fileRef = D4892E9E2043B41F0052267E /* NCMainViewCell.h */; };
		F3D021E621E494A600C05483 /* NCMainViewCell.m in Sources */ = {isa = PBXBuildFile; fileRef = D4892E9F2043B41F0052267E /* NCMainViewCell.m */; };
		F3D021E721E494A600C05483 /* NCMainViewController.h in Sources */ = {isa = PBXBuildFile; fileRef = D4892E952043B1730052267E /* NCMainViewController.h */; };
		F3D021E821E494A600C05483 /* NCMainViewController.m in Sources */ = {isa = PBXBuildFile; fileRef = D4892E962043B1730052267E /* NCMainViewController.m */; };
		F3D021E921E494A600C05483 /* NCProjectContentViewController.h in Sources */ = {isa = PBXBuildFile; fileRef = D4E06EBC203703970095F442 /* NCProjectContentViewController.h */; };
		F3D021EA21E494A600C05483 /* NCProjectContentViewController.m in Sources */ = {isa = PBXBuildFile; fileRef = D4E06EB4203703960095F442 /* NCProjectContentViewController.m */; };
		F3D021EB21E494A600C05483 /* NCProjectTableViewCell.h in Sources */ = {isa = PBXBuildFile; fileRef = D4E06EBD203703970095F442 /* NCProjectTableViewCell.h */; };
		F3D021EC21E494A600C05483 /* NCProjectTableViewCell.m in Sources */ = {isa = PBXBuildFile; fileRef = D4E06EB6203703960095F442 /* NCProjectTableViewCell.m */; };
		F3D021ED21E494A600C05483 /* NCTextManager.h in Sources */ = {isa = PBXBuildFile; fileRef = D4E06EAD203703950095F442 /* NCTextManager.h */; };
		F3D021EE21E494A600C05483 /* NCTextManager.mm in Sources */ = {isa = PBXBuildFile; fileRef = D4E06EB3203703960095F442 /* NCTextManager.mm */; };
		F3D021EF21E494A600C05483 /* UIViewController+NCExtension.h in Sources */ = {isa = PBXBuildFile; fileRef = D4E06EC1203703970095F442 /* UIViewController+NCExtension.h */; };
		F3D021F021E494A600C05483 /* UIViewController+NCExtension.m in Sources */ = {isa = PBXBuildFile; fileRef = D4E06EB7203703960095F442 /* UIViewController+NCExtension.m */; };
		F3D021F121E494A600C05483 /* NaiveStudio.h in Sources */ = {isa = PBXBuildFile; fileRef = D4892F2A204577600052267E /* NaiveStudio.h */; };
		F3D021F221E494A600C05483 /* NaiveStudio.mm in Sources */ = {isa = PBXBuildFile; fileRef = D4892F2B204577600052267E /* NaiveStudio.mm */; };
		F3EAAC3921ED797B00D7CBA4 /* GCDAsyncUdpSocket.m in Sources */ = {isa = PBXBuildFile; fileRef = F3EAAC2021ED797B00D7CBA4 /* GCDAsyncUdpSocket.m */; };
		F3EAAC3A21ED797B00D7CBA4 /* GCDAsyncSocket.m in Sources */ = {isa = PBXBuildFile; fileRef = F3EAAC2121ED797B00D7CBA4 /* GCDAsyncSocket.m */; };
		F3EAAC3B21ED797B00D7CBA4 /* DDTTYLogger.m in Sources */ = {isa = PBXBuildFile; fileRef = F3EAAC2721ED797B00D7CBA4 /* DDTTYLogger.m */; };
		F3EAAC3C21ED797B00D7CBA4 /* DDASLLogger.m in Sources */ = {isa = PBXBuildFile; fileRef = F3EAAC2A21ED797B00D7CBA4 /* DDASLLogger.m */; };
		F3EAAC3D21ED797B00D7CBA4 /* DDContextFilterLogFormatter.m in Sources */ = {isa = PBXBuildFile; fileRef = F3EAAC2D21ED797B00D7CBA4 /* DDContextFilterLogFormatter.m */; };
		F3EAAC3E21ED797B00D7CBA4 /* DDDispatchQueueLogFormatter.m in Sources */ = {isa = PBXBuildFile; fileRef = F3EAAC2E21ED797B00D7CBA4 /* DDDispatchQueueLogFormatter.m */; };
		F3EAAC3F21ED797B00D7CBA4 /* DDMultiFormatter.m in Sources */ = {isa = PBXBuildFile; fileRef = F3EAAC3121ED797B00D7CBA4 /* DDMultiFormatter.m */; };
		F3EAAC4021ED797B00D7CBA4 /* DDLog.m in Sources */ = {isa = PBXBuildFile; fileRef = F3EAAC3321ED797B00D7CBA4 /* DDLog.m */; };
		F3EAAC4121ED797B00D7CBA4 /* DDAbstractDatabaseLogger.m in Sources */ = {isa = PBXBuildFile; fileRef = F3EAAC3621ED797B00D7CBA4 /* DDAbstractDatabaseLogger.m */; };
		F3EAAC4221ED797B00D7CBA4 /* DDFileLogger.m in Sources */ = {isa = PBXBuildFile; fileRef = F3EAAC3721ED797B00D7CBA4 /* DDFileLogger.m */; };
		F3EAAC8421EDFC5300D7CBA4 /* GCDAsyncUdpSocket.m in Sources */ = {isa = PBXBuildFile; fileRef = F3EAAC2021ED797B00D7CBA4 /* GCDAsyncUdpSocket.m */; };
		F3EAAC8521EDFC5300D7CBA4 /* GCDAsyncSocket.m in Sources */ = {isa = PBXBuildFile; fileRef = F3EAAC2121ED797B00D7CBA4 /* GCDAsyncSocket.m */; };
		F3EAAC8621EDFC5300D7CBA4 /* GCDAsyncUdpSocket.h in Sources */ = {isa = PBXBuildFile; fileRef = F3EAAC2221ED797B00D7CBA4 /* GCDAsyncUdpSocket.h */; };
		F3EAAC8721EDFC5300D7CBA4 /* GCDAsyncSocket.h in Sources */ = {isa = PBXBuildFile; fileRef = F3EAAC2321ED797B00D7CBA4 /* GCDAsyncSocket.h */; };
		F3EAAC8821EDFC5300D7CBA4 /* CocoaAsyncSocket.h in Sources */ = {isa = PBXBuildFile; fileRef = F3EAAC2421ED797B00D7CBA4 /* CocoaAsyncSocket.h */; };
		F3EAAC8921EDFC5300D7CBA4 /* DDTTYLogger.m in Sources */ = {isa = PBXBuildFile; fileRef = F3EAAC2721ED797B00D7CBA4 /* DDTTYLogger.m */; };
		F3EAAC8A21EDFC5300D7CBA4 /* DDLog.h in Sources */ = {isa = PBXBuildFile; fileRef = F3EAAC2821ED797B00D7CBA4 /* DDLog.h */; };
		F3EAAC8B21EDFC5300D7CBA4 /* DDAbstractDatabaseLogger.h in Sources */ = {isa = PBXBuildFile; fileRef = F3EAAC2921ED797B00D7CBA4 /* DDAbstractDatabaseLogger.h */; };
		F3EAAC8C21EDFC5300D7CBA4 /* DDASLLogger.m in Sources */ = {isa = PBXBuildFile; fileRef = F3EAAC2A21ED797B00D7CBA4 /* DDASLLogger.m */; };
		F3EAAC8D21EDFC5300D7CBA4 /* DDFileLogger.h in Sources */ = {isa = PBXBuildFile; fileRef = F3EAAC2B21ED797B00D7CBA4 /* DDFileLogger.h */; };
		F3EAAC8E21EDFC5300D7CBA4 /* DDContextFilterLogFormatter.m in Sources */ = {isa = PBXBuildFile; fileRef = F3EAAC2D21ED797B00D7CBA4 /* DDContextFilterLogFormatter.m */; };
		F3EAAC8F21EDFC5300D7CBA4 /* DDDispatchQueueLogFormatter.m in Sources */ = {isa = PBXBuildFile; fileRef = F3EAAC2E21ED797B00D7CBA4 /* DDDispatchQueueLogFormatter.m */; };
		F3EAAC9021EDFC5300D7CBA4 /* DDMultiFormatter.h in Sources */ = {isa = PBXBuildFile; fileRef = F3EAAC2F21ED797B00D7CBA4 /* DDMultiFormatter.h */; };
		F3EAAC9121EDFC5300D7CBA4 /* DDContextFilterLogFormatter.h in Sources */ = {isa = PBXBuildFile; fileRef = F3EAAC3021ED797B00D7CBA4 /* DDContextFilterLogFormatter.h */; };
		F3EAAC9221EDFC5300D7CBA4 /* DDMultiFormatter.m in Sources */ = {isa = PBXBuildFile; fileRef = F3EAAC3121ED797B00D7CBA4 /* DDMultiFormatter.m */; };
		F3EAAC9321EDFC5300D7CBA4 /* DDDispatchQueueLogFormatter.h in Sources */ = {isa = PBXBuildFile; fileRef = F3EAAC3221ED797B00D7CBA4 /* DDDispatchQueueLogFormatter.h */; };
		F3EAAC9421EDFC5300D7CBA4 /* DDLog.m in Sources */ = {isa = PBXBuildFile; fileRef = F3EAAC3321ED797B00D7CBA4 /* DDLog.m */; };
		F3EAAC9521EDFC5300D7CBA4 /* DDTTYLogger.h in Sources */ = {isa = PBXBuildFile; fileRef = F3EAAC3421ED797B00D7CBA4 /* DDTTYLogger.h */; };
		F3EAAC9621EDFC5300D7CBA4 /* DDLog+LOGV.h in Sources */ = {isa = PBXBuildFile; fileRef = F3EAAC3521ED797B00D7CBA4 /* DDLog+LOGV.h */; };
		F3EAAC9721EDFC5300D7CBA4 /* DDAbstractDatabaseLogger.m in Sources */ = {isa = PBXBuildFile; fileRef = F3EAAC3621ED797B00D7CBA4 /* DDAbstractDatabaseLogger.m */; };
		F3EAAC9821EDFC5300D7CBA4 /* DDFileLogger.m in Sources */ = {isa = PBXBuildFile; fileRef = F3EAAC3721ED797B00D7CBA4 /* DDFileLogger.m */; };
		F3EAAC9921EDFC5300D7CBA4 /* DDASLLogger.h in Sources */ = {isa = PBXBuildFile; fileRef = F3EAAC3821ED797B00D7CBA4 /* DDASLLogger.h */; };
		F3EAAC9A21EDFC5300D7CBA4 /* NCBuiltinManager.h in Sources */ = {isa = PBXBuildFile; fileRef = F3A5B05A212FD8F00034232C /* NCBuiltinManager.h */; };
		F3EAAC9D21EDFC5300D7CBA4 /* UIView+Avatar.h in Sources */ = {isa = PBXBuildFile; fileRef = F3D0218D21E373E300C05483 /* UIView+Avatar.h */; };
		F3EAAC9E21EDFC5300D7CBA4 /* UIView+Avatar.m in Sources */ = {isa = PBXBuildFile; fileRef = F3D0218E21E373E300C05483 /* UIView+Avatar.m */; };
		F3EAAC9F21EDFC5300D7CBA4 /* NCServerManager.h in Sources */ = {isa = PBXBuildFile; fileRef = F3D0218221E3717400C05483 /* NCServerManager.h */; };
		F3EAACA021EDFC5300D7CBA4 /* NCServerManager.m in Sources */ = {isa = PBXBuildFile; fileRef = F3D0218321E3717400C05483 /* NCServerManager.m */; };
/* End PBXBuildFile section */

/* Begin PBXContainerItemProxy section */
		D4E06E93203701CA0095F442 /* PBXContainerItemProxy */ = {
			isa = PBXContainerItemProxy;
			containerPortal = D4E06E72203701C90095F442 /* Project object */;
			proxyType = 1;
			remoteGlobalIDString = D4E06E79203701C90095F442;
			remoteInfo = NaiveStudio;
		};
		F3D021BD21E4934C00C05483 /* PBXContainerItemProxy */ = {
			isa = PBXContainerItemProxy;
			containerPortal = D4E06E72203701C90095F442 /* Project object */;
			proxyType = 1;
			remoteGlobalIDString = F3D021A621E4934900C05483;
			remoteInfo = NaiveStudioMAC;
		};
/* End PBXContainerItemProxy section */

/* Begin PBXCopyFilesBuildPhase section */
		D4E06F0B20386B810095F442 /* Embed Frameworks */ = {
			isa = PBXCopyFilesBuildPhase;
			buildActionMask = 2147483647;
			dstPath = "";
			dstSubfolderSpec = 10;
			files = (
				D4E06F0A20386B810095F442 /* NaiveC.framework in Embed Frameworks */,
			);
			name = "Embed Frameworks";
			runOnlyForDeploymentPostprocessing = 0;
		};
		F31D7F802122FB5600E11E5F /* CopyFiles */ = {
			isa = PBXCopyFilesBuildPhase;
			buildActionMask = 2147483647;
			dstPath = "include/$(PRODUCT_NAME)";
			dstSubfolderSpec = 16;
			files = (
				F31D7F872122FB5600E11E5F /* libOnlineDebugToolkit.h in CopyFiles */,
			);
			runOnlyForDeploymentPostprocessing = 0;
		};
/* End PBXCopyFilesBuildPhase section */

/* Begin PBXFileReference section */
		4300C0582701664E0069473A /* NCNetworkData.h */ = {isa = PBXFileReference; fileEncoding = 4; lastKnownFileType = sourcecode.c.h; path = NCNetworkData.h; sourceTree = "<group>"; };
		4300C0592701664E0069473A /* NCNetworkData.m */ = {isa = PBXFileReference; fileEncoding = 4; lastKnownFileType = sourcecode.c.objc; path = NCNetworkData.m; sourceTree = "<group>"; };
		4386FB27270446CB00C6EE2A /* ViewManager.h */ = {isa = PBXFileReference; lastKnownFileType = sourcecode.c.h; path = ViewManager.h; sourceTree = "<group>"; };
		4386FB28270446CB00C6EE2A /* ViewManager.m */ = {isa = PBXFileReference; lastKnownFileType = sourcecode.c.objc; path = ViewManager.m; sourceTree = "<group>"; };
		D430BCB12058C02F00EC49AE /* NCTestCenter.h */ = {isa = PBXFileReference; fileEncoding = 4; lastKnownFileType = sourcecode.c.h; path = NCTestCenter.h; sourceTree = "<group>"; };
		D430BCB22058C02F00EC49AE /* NCTestCenter.m */ = {isa = PBXFileReference; fileEncoding = 4; lastKnownFileType = sourcecode.c.objc; path = NCTestCenter.m; sourceTree = "<group>"; };
		D4892E952043B1730052267E /* NCMainViewController.h */ = {isa = PBXFileReference; lastKnownFileType = sourcecode.c.h; path = NCMainViewController.h; sourceTree = "<group>"; };
		D4892E962043B1730052267E /* NCMainViewController.m */ = {isa = PBXFileReference; lastKnownFileType = sourcecode.c.objc; path = NCMainViewController.m; sourceTree = "<group>"; };
		D4892E9E2043B41F0052267E /* NCMainViewCell.h */ = {isa = PBXFileReference; lastKnownFileType = sourcecode.c.h; path = NCMainViewCell.h; sourceTree = "<group>"; };
		D4892E9F2043B41F0052267E /* NCMainViewCell.m */ = {isa = PBXFileReference; lastKnownFileType = sourcecode.c.objc; path = NCMainViewCell.m; sourceTree = "<group>"; };
		D4892EEC204569800052267E /* NaiveStudioSDK.h */ = {isa = PBXFileReference; lastKnownFileType = sourcecode.c.h; path = NaiveStudioSDK.h; sourceTree = "<group>"; };
		D4892EED204569800052267E /* Info.plist */ = {isa = PBXFileReference; lastKnownFileType = text.plist.xml; path = Info.plist; sourceTree = "<group>"; };
		D4892EF9204569800052267E /* NaiveStudioSDKTests.m */ = {isa = PBXFileReference; lastKnownFileType = sourcecode.c.objc; path = NaiveStudioSDKTests.m; sourceTree = "<group>"; };
		D4892EFB204569800052267E /* Info.plist */ = {isa = PBXFileReference; lastKnownFileType = text.plist.xml; path = Info.plist; sourceTree = "<group>"; };
		D4892F2A204577600052267E /* NaiveStudio.h */ = {isa = PBXFileReference; lastKnownFileType = sourcecode.c.h; path = NaiveStudio.h; sourceTree = "<group>"; };
		D4892F2B204577600052267E /* NaiveStudio.mm */ = {isa = PBXFileReference; lastKnownFileType = sourcecode.cpp.objcpp; path = NaiveStudio.mm; sourceTree = "<group>"; };
		D4E06E7A203701C90095F442 /* NaiveStudio.app */ = {isa = PBXFileReference; explicitFileType = wrapper.application; includeInIndex = 0; path = NaiveStudio.app; sourceTree = BUILT_PRODUCTS_DIR; };
		D4E06E84203701CA0095F442 /* Base */ = {isa = PBXFileReference; lastKnownFileType = file.storyboard; name = Base; path = Base.lproj/NaiveStudio.storyboard; sourceTree = "<group>"; };
		D4E06E86203701CA0095F442 /* Assets.xcassets */ = {isa = PBXFileReference; lastKnownFileType = folder.assetcatalog; path = Assets.xcassets; sourceTree = "<group>"; };
		D4E06E89203701CA0095F442 /* Base */ = {isa = PBXFileReference; lastKnownFileType = file.storyboard; name = Base; path = Base.lproj/LaunchScreen.storyboard; sourceTree = "<group>"; };
		D4E06E8B203701CA0095F442 /* Info.plist */ = {isa = PBXFileReference; lastKnownFileType = text.plist.xml; path = Info.plist; sourceTree = "<group>"; };
		D4E06E8C203701CA0095F442 /* main.m */ = {isa = PBXFileReference; lastKnownFileType = sourcecode.c.objc; path = main.m; sourceTree = "<group>"; };
		D4E06E92203701CA0095F442 /* NaiveStudioTests.xctest */ = {isa = PBXFileReference; explicitFileType = wrapper.cfbundle; includeInIndex = 0; path = NaiveStudioTests.xctest; sourceTree = BUILT_PRODUCTS_DIR; };
		D4E06E96203701CA0095F442 /* NaiveStudioTests.m */ = {isa = PBXFileReference; lastKnownFileType = sourcecode.c.objc; path = NaiveStudioTests.m; sourceTree = "<group>"; };
		D4E06E98203701CA0095F442 /* Info.plist */ = {isa = PBXFileReference; lastKnownFileType = text.plist.xml; path = Info.plist; sourceTree = "<group>"; };
		D4E06EA5203703940095F442 /* NCProject.m */ = {isa = PBXFileReference; fileEncoding = 4; lastKnownFileType = sourcecode.c.objc; path = NCProject.m; sourceTree = "<group>"; };
		D4E06EA6203703940095F442 /* NCProjectManager.m */ = {isa = PBXFileReference; fileEncoding = 4; lastKnownFileType = sourcecode.c.objc; path = NCProjectManager.m; sourceTree = "<group>"; };
		D4E06EA7203703940095F442 /* NCProject.h */ = {isa = PBXFileReference; fileEncoding = 4; lastKnownFileType = sourcecode.c.h; path = NCProject.h; sourceTree = "<group>"; };
		D4E06EA8203703940095F442 /* NCProjectManager.h */ = {isa = PBXFileReference; fileEncoding = 4; lastKnownFileType = sourcecode.c.h; path = NCProjectManager.h; sourceTree = "<group>"; };
		D4E06EA9203703950095F442 /* NCConsole.m */ = {isa = PBXFileReference; fileEncoding = 4; lastKnownFileType = sourcecode.c.objc; path = NCConsole.m; sourceTree = "<group>"; };
		D4E06EAA203703950095F442 /* NCInterpreterController.mm */ = {isa = PBXFileReference; fileEncoding = 4; lastKnownFileType = sourcecode.cpp.objcpp; path = NCInterpreterController.mm; sourceTree = "<group>"; };
		D4E06EAB203703950095F442 /* Common.mm */ = {isa = PBXFileReference; fileEncoding = 4; lastKnownFileType = sourcecode.cpp.objcpp; path = Common.mm; sourceTree = "<group>"; };
		D4E06EAD203703950095F442 /* NCTextManager.h */ = {isa = PBXFileReference; fileEncoding = 4; lastKnownFileType = sourcecode.c.h; path = NCTextManager.h; sourceTree = "<group>"; };
		D4E06EAE203703950095F442 /* NCDataSource.h */ = {isa = PBXFileReference; fileEncoding = 4; lastKnownFileType = sourcecode.c.h; path = NCDataSource.h; sourceTree = "<group>"; };
		D4E06EAF203703950095F442 /* NCInterpreterController.h */ = {isa = PBXFileReference; fileEncoding = 4; lastKnownFileType = sourcecode.c.h; path = NCInterpreterController.h; sourceTree = "<group>"; };
		D4E06EB0203703950095F442 /* NCCodeFastInputViewController.h */ = {isa = PBXFileReference; fileEncoding = 4; lastKnownFileType = sourcecode.c.h; path = NCCodeFastInputViewController.h; sourceTree = "<group>"; };
		D4E06EB1203703950095F442 /* NCAddNewFileViewController.h */ = {isa = PBXFileReference; fileEncoding = 4; lastKnownFileType = sourcecode.c.h; path = NCAddNewFileViewController.h; sourceTree = "<group>"; };
		D4E06EB2203703950095F442 /* NCConsole.h */ = {isa = PBXFileReference; fileEncoding = 4; lastKnownFileType = sourcecode.c.h; path = NCConsole.h; sourceTree = "<group>"; };
		D4E06EB3203703960095F442 /* NCTextManager.mm */ = {isa = PBXFileReference; fileEncoding = 4; lastKnownFileType = sourcecode.cpp.objcpp; path = NCTextManager.mm; sourceTree = "<group>"; };
		D4E06EB4203703960095F442 /* NCProjectContentViewController.m */ = {isa = PBXFileReference; fileEncoding = 4; lastKnownFileType = sourcecode.c.objc; path = NCProjectContentViewController.m; sourceTree = "<group>"; };
		D4E06EB5203703960095F442 /* NCAddNewFileViewController.m */ = {isa = PBXFileReference; fileEncoding = 4; lastKnownFileType = sourcecode.c.objc; path = NCAddNewFileViewController.m; sourceTree = "<group>"; };
		D4E06EB6203703960095F442 /* NCProjectTableViewCell.m */ = {isa = PBXFileReference; fileEncoding = 4; lastKnownFileType = sourcecode.c.objc; path = NCProjectTableViewCell.m; sourceTree = "<group>"; };
		D4E06EB7203703960095F442 /* UIViewController+NCExtension.m */ = {isa = PBXFileReference; fileEncoding = 4; lastKnownFileType = sourcecode.c.objc; path = "UIViewController+NCExtension.m"; sourceTree = "<group>"; };
		D4E06EB8203703960095F442 /* NCCodeTemplate.h */ = {isa = PBXFileReference; fileEncoding = 4; lastKnownFileType = sourcecode.c.h; path = NCCodeTemplate.h; sourceTree = "<group>"; };
		D4E06EB9203703960095F442 /* NCEditorViewController.mm */ = {isa = PBXFileReference; fileEncoding = 4; lastKnownFileType = sourcecode.cpp.objcpp; path = NCEditorViewController.mm; sourceTree = "<group>"; };
		D4E06EBA203703960095F442 /* Assets.xcassets */ = {isa = PBXFileReference; lastKnownFileType = folder.assetcatalog; path = Assets.xcassets; sourceTree = "<group>"; };
		D4E06EBB203703960095F442 /* NCCodeTemplate.m */ = {isa = PBXFileReference; fileEncoding = 4; lastKnownFileType = sourcecode.c.objc; path = NCCodeTemplate.m; sourceTree = "<group>"; };
		D4E06EBC203703970095F442 /* NCProjectContentViewController.h */ = {isa = PBXFileReference; fileEncoding = 4; lastKnownFileType = sourcecode.c.h; path = NCProjectContentViewController.h; sourceTree = "<group>"; };
		D4E06EBD203703970095F442 /* NCProjectTableViewCell.h */ = {isa = PBXFileReference; fileEncoding = 4; lastKnownFileType = sourcecode.c.h; path = NCProjectTableViewCell.h; sourceTree = "<group>"; };
		D4E06EBE203703970095F442 /* Common.h */ = {isa = PBXFileReference; fileEncoding = 4; lastKnownFileType = sourcecode.c.h; path = Common.h; sourceTree = "<group>"; };
		D4E06EBF203703970095F442 /* image.xcassets */ = {isa = PBXFileReference; lastKnownFileType = folder.assetcatalog; path = image.xcassets; sourceTree = "<group>"; };
		D4E06EC0203703970095F442 /* NCDataSource.m */ = {isa = PBXFileReference; fileEncoding = 4; lastKnownFileType = sourcecode.c.objc; path = NCDataSource.m; sourceTree = "<group>"; };
		D4E06EC1203703970095F442 /* UIViewController+NCExtension.h */ = {isa = PBXFileReference; fileEncoding = 4; lastKnownFileType = sourcecode.c.h; path = "UIViewController+NCExtension.h"; sourceTree = "<group>"; };
		D4E06EC2203703970095F442 /* NCCodeFastInputViewController.m */ = {isa = PBXFileReference; fileEncoding = 4; lastKnownFileType = sourcecode.c.objc; path = NCCodeFastInputViewController.m; sourceTree = "<group>"; };
		D4E06EC3203703970095F442 /* NCEditorViewController.h */ = {isa = PBXFileReference; fileEncoding = 4; lastKnownFileType = sourcecode.c.h; path = NCEditorViewController.h; sourceTree = "<group>"; };
		D4E06EC6203703980095F442 /* Base */ = {isa = PBXFileReference; lastKnownFileType = file.storyboard; name = Base; path = LaunchScreen.storyboard; sourceTree = "<group>"; };
		D4E06EE420370E1C0095F442 /* NaiveC.framework */ = {isa = PBXFileReference; explicitFileType = wrapper.framework; path = NaiveC.framework; sourceTree = BUILT_PRODUCTS_DIR; };
		ED2438802050220800AC27EB /* NSTestManager.h */ = {isa = PBXFileReference; lastKnownFileType = sourcecode.c.h; path = NSTestManager.h; sourceTree = "<group>"; };
		ED2438812050220800AC27EB /* NSTestManager.m */ = {isa = PBXFileReference; lastKnownFileType = sourcecode.c.objc; path = NSTestManager.m; sourceTree = "<group>"; };
		F31D7F822122FB5600E11E5F /* libOnlineDebugToolkit.a */ = {isa = PBXFileReference; explicitFileType = archive.ar; includeInIndex = 0; path = libOnlineDebugToolkit.a; sourceTree = BUILT_PRODUCTS_DIR; };
		F31D7F842122FB5600E11E5F /* libOnlineDebugToolkit.h */ = {isa = PBXFileReference; lastKnownFileType = sourcecode.c.h; path = libOnlineDebugToolkit.h; sourceTree = "<group>"; };
		F31D7F852122FB5600E11E5F /* libOnlineDebugToolkit.m */ = {isa = PBXFileReference; lastKnownFileType = sourcecode.c.objc; path = libOnlineDebugToolkit.m; sourceTree = "<group>"; };
		F31D7F8B2122FB8700E11E5F /* liblibNaiveC.a */ = {isa = PBXFileReference; explicitFileType = archive.ar; path = liblibNaiveC.a; sourceTree = BUILT_PRODUCTS_DIR; };
		F31D7FC22122FC9B00E11E5F /* NCCodeEngine_iOS.h */ = {isa = PBXFileReference; fileEncoding = 4; lastKnownFileType = sourcecode.c.h; path = NCCodeEngine_iOS.h; sourceTree = "<group>"; };
		F31D7FFB2123BD3E00E11E5F /* libstdc++.6.0.9.tbd */ = {isa = PBXFileReference; lastKnownFileType = "sourcecode.text-based-dylib-definition"; name = "libstdc++.6.0.9.tbd"; path = "usr/lib/libstdc++.6.0.9.tbd"; sourceTree = SDKROOT; };
		F31D7FFD2123BD7400E11E5F /* Foundation.framework */ = {isa = PBXFileReference; lastKnownFileType = wrapper.framework; name = Foundation.framework; path = System/Library/Frameworks/Foundation.framework; sourceTree = SDKROOT; };
		F31D80502124221900E11E5F /* AppDelegate.m */ = {isa = PBXFileReference; fileEncoding = 4; lastKnownFileType = sourcecode.c.objc; path = AppDelegate.m; sourceTree = "<group>"; };
		F31D80512124221A00E11E5F /* AppDelegate.h */ = {isa = PBXFileReference; fileEncoding = 4; lastKnownFileType = sourcecode.c.h; path = AppDelegate.h; sourceTree = "<group>"; };
		F366D9FC21ECC621001824AE /* GCDWebServerFunctions.h */ = {isa = PBXFileReference; fileEncoding = 4; lastKnownFileType = sourcecode.c.h; path = GCDWebServerFunctions.h; sourceTree = "<group>"; };
		F366D9FD21ECC621001824AE /* GCDWebServerPrivate.h */ = {isa = PBXFileReference; fileEncoding = 4; lastKnownFileType = sourcecode.c.h; path = GCDWebServerPrivate.h; sourceTree = "<group>"; };
		F366D9FE21ECC621001824AE /* GCDWebServerResponse.m */ = {isa = PBXFileReference; fileEncoding = 4; lastKnownFileType = sourcecode.c.objc; path = GCDWebServerResponse.m; sourceTree = "<group>"; };
		F366D9FF21ECC621001824AE /* GCDWebServerConnection.h */ = {isa = PBXFileReference; fileEncoding = 4; lastKnownFileType = sourcecode.c.h; path = GCDWebServerConnection.h; sourceTree = "<group>"; };
		F366DA0021ECC621001824AE /* GCDWebServer.h */ = {isa = PBXFileReference; fileEncoding = 4; lastKnownFileType = sourcecode.c.h; path = GCDWebServer.h; sourceTree = "<group>"; };
		F366DA0121ECC621001824AE /* GCDWebServerRequest.m */ = {isa = PBXFileReference; fileEncoding = 4; lastKnownFileType = sourcecode.c.objc; path = GCDWebServerRequest.m; sourceTree = "<group>"; };
		F366DA0221ECC621001824AE /* GCDWebServerHTTPStatusCodes.h */ = {isa = PBXFileReference; fileEncoding = 4; lastKnownFileType = sourcecode.c.h; path = GCDWebServerHTTPStatusCodes.h; sourceTree = "<group>"; };
		F366DA0321ECC621001824AE /* GCDWebServerResponse.h */ = {isa = PBXFileReference; fileEncoding = 4; lastKnownFileType = sourcecode.c.h; path = GCDWebServerResponse.h; sourceTree = "<group>"; };
		F366DA0421ECC621001824AE /* GCDWebServerFunctions.m */ = {isa = PBXFileReference; fileEncoding = 4; lastKnownFileType = sourcecode.c.objc; path = GCDWebServerFunctions.m; sourceTree = "<group>"; };
		F366DA0521ECC621001824AE /* GCDWebServer.m */ = {isa = PBXFileReference; fileEncoding = 4; lastKnownFileType = sourcecode.c.objc; path = GCDWebServer.m; sourceTree = "<group>"; };
		F366DA0621ECC621001824AE /* GCDWebServerConnection.m */ = {isa = PBXFileReference; fileEncoding = 4; lastKnownFileType = sourcecode.c.objc; path = GCDWebServerConnection.m; sourceTree = "<group>"; };
		F366DA0721ECC621001824AE /* GCDWebServerRequest.h */ = {isa = PBXFileReference; fileEncoding = 4; lastKnownFileType = sourcecode.c.h; path = GCDWebServerRequest.h; sourceTree = "<group>"; };
		F366DA0921ECC621001824AE /* GCDWebServerFileResponse.h */ = {isa = PBXFileReference; fileEncoding = 4; lastKnownFileType = sourcecode.c.h; path = GCDWebServerFileResponse.h; sourceTree = "<group>"; };
		F366DA0A21ECC621001824AE /* GCDWebServerStreamedResponse.h */ = {isa = PBXFileReference; fileEncoding = 4; lastKnownFileType = sourcecode.c.h; path = GCDWebServerStreamedResponse.h; sourceTree = "<group>"; };
		F366DA0B21ECC621001824AE /* GCDWebServerErrorResponse.m */ = {isa = PBXFileReference; fileEncoding = 4; lastKnownFileType = sourcecode.c.objc; path = GCDWebServerErrorResponse.m; sourceTree = "<group>"; };
		F366DA0C21ECC621001824AE /* GCDWebServerDataResponse.h */ = {isa = PBXFileReference; fileEncoding = 4; lastKnownFileType = sourcecode.c.h; path = GCDWebServerDataResponse.h; sourceTree = "<group>"; };
		F366DA0D21ECC621001824AE /* GCDWebServerFileResponse.m */ = {isa = PBXFileReference; fileEncoding = 4; lastKnownFileType = sourcecode.c.objc; path = GCDWebServerFileResponse.m; sourceTree = "<group>"; };
		F366DA0E21ECC621001824AE /* GCDWebServerDataResponse.m */ = {isa = PBXFileReference; fileEncoding = 4; lastKnownFileType = sourcecode.c.objc; path = GCDWebServerDataResponse.m; sourceTree = "<group>"; };
		F366DA0F21ECC621001824AE /* GCDWebServerErrorResponse.h */ = {isa = PBXFileReference; fileEncoding = 4; lastKnownFileType = sourcecode.c.h; path = GCDWebServerErrorResponse.h; sourceTree = "<group>"; };
		F366DA1021ECC621001824AE /* GCDWebServerStreamedResponse.m */ = {isa = PBXFileReference; fileEncoding = 4; lastKnownFileType = sourcecode.c.objc; path = GCDWebServerStreamedResponse.m; sourceTree = "<group>"; };
		F366DA1221ECC621001824AE /* GCDWebServerDataRequest.h */ = {isa = PBXFileReference; fileEncoding = 4; lastKnownFileType = sourcecode.c.h; path = GCDWebServerDataRequest.h; sourceTree = "<group>"; };
		F366DA1321ECC621001824AE /* GCDWebServerMultiPartFormRequest.h */ = {isa = PBXFileReference; fileEncoding = 4; lastKnownFileType = sourcecode.c.h; path = GCDWebServerMultiPartFormRequest.h; sourceTree = "<group>"; };
		F366DA1421ECC621001824AE /* GCDWebServerFileRequest.h */ = {isa = PBXFileReference; fileEncoding = 4; lastKnownFileType = sourcecode.c.h; path = GCDWebServerFileRequest.h; sourceTree = "<group>"; };
		F366DA1521ECC621001824AE /* GCDWebServerURLEncodedFormRequest.m */ = {isa = PBXFileReference; fileEncoding = 4; lastKnownFileType = sourcecode.c.objc; path = GCDWebServerURLEncodedFormRequest.m; sourceTree = "<group>"; };
		F366DA1621ECC621001824AE /* GCDWebServerMultiPartFormRequest.m */ = {isa = PBXFileReference; fileEncoding = 4; lastKnownFileType = sourcecode.c.objc; path = GCDWebServerMultiPartFormRequest.m; sourceTree = "<group>"; };
		F366DA1721ECC621001824AE /* GCDWebServerDataRequest.m */ = {isa = PBXFileReference; fileEncoding = 4; lastKnownFileType = sourcecode.c.objc; path = GCDWebServerDataRequest.m; sourceTree = "<group>"; };
		F366DA1821ECC621001824AE /* GCDWebServerFileRequest.m */ = {isa = PBXFileReference; fileEncoding = 4; lastKnownFileType = sourcecode.c.objc; path = GCDWebServerFileRequest.m; sourceTree = "<group>"; };
		F366DA1921ECC621001824AE /* GCDWebServerURLEncodedFormRequest.h */ = {isa = PBXFileReference; fileEncoding = 4; lastKnownFileType = sourcecode.c.h; path = GCDWebServerURLEncodedFormRequest.h; sourceTree = "<group>"; };
		F3A5B05A212FD8F00034232C /* NCBuiltinManager.h */ = {isa = PBXFileReference; lastKnownFileType = sourcecode.c.h; path = NCBuiltinManager.h; sourceTree = "<group>"; };
		F3A5B05B212FD8F00034232C /* NCBuiltinManager.mm */ = {isa = PBXFileReference; lastKnownFileType = sourcecode.cpp.objcpp; path = NCBuiltinManager.mm; sourceTree = "<group>"; };
		F3D0218221E3717400C05483 /* NCServerManager.h */ = {isa = PBXFileReference; lastKnownFileType = sourcecode.c.h; path = NCServerManager.h; sourceTree = "<group>"; };
		F3D0218321E3717400C05483 /* NCServerManager.m */ = {isa = PBXFileReference; lastKnownFileType = sourcecode.c.objc; path = NCServerManager.m; sourceTree = "<group>"; };
		F3D0218D21E373E300C05483 /* UIView+Avatar.h */ = {isa = PBXFileReference; lastKnownFileType = sourcecode.c.h; path = "UIView+Avatar.h"; sourceTree = "<group>"; };
		F3D0218E21E373E300C05483 /* UIView+Avatar.m */ = {isa = PBXFileReference; lastKnownFileType = sourcecode.c.objc; path = "UIView+Avatar.m"; sourceTree = "<group>"; };
		F3D021A721E4934900C05483 /* NaiveStudioMAC.app */ = {isa = PBXFileReference; explicitFileType = wrapper.application; includeInIndex = 0; path = NaiveStudioMAC.app; sourceTree = BUILT_PRODUCTS_DIR; };
		F3D021BC21E4934C00C05483 /* NaiveStudioMACTests.xctest */ = {isa = PBXFileReference; explicitFileType = wrapper.cfbundle; includeInIndex = 0; path = NaiveStudioMACTests.xctest; sourceTree = BUILT_PRODUCTS_DIR; };
		F3EAAC2021ED797B00D7CBA4 /* GCDAsyncUdpSocket.m */ = {isa = PBXFileReference; fileEncoding = 4; lastKnownFileType = sourcecode.c.objc; path = GCDAsyncUdpSocket.m; sourceTree = "<group>"; };
		F3EAAC2121ED797B00D7CBA4 /* GCDAsyncSocket.m */ = {isa = PBXFileReference; fileEncoding = 4; lastKnownFileType = sourcecode.c.objc; path = GCDAsyncSocket.m; sourceTree = "<group>"; };
		F3EAAC2221ED797B00D7CBA4 /* GCDAsyncUdpSocket.h */ = {isa = PBXFileReference; fileEncoding = 4; lastKnownFileType = sourcecode.c.h; path = GCDAsyncUdpSocket.h; sourceTree = "<group>"; };
		F3EAAC2321ED797B00D7CBA4 /* GCDAsyncSocket.h */ = {isa = PBXFileReference; fileEncoding = 4; lastKnownFileType = sourcecode.c.h; path = GCDAsyncSocket.h; sourceTree = "<group>"; };
		F3EAAC2421ED797B00D7CBA4 /* CocoaAsyncSocket.h */ = {isa = PBXFileReference; fileEncoding = 4; lastKnownFileType = sourcecode.c.h; path = CocoaAsyncSocket.h; sourceTree = "<group>"; };
		F3EAAC2721ED797B00D7CBA4 /* DDTTYLogger.m */ = {isa = PBXFileReference; fileEncoding = 4; lastKnownFileType = sourcecode.c.objc; path = DDTTYLogger.m; sourceTree = "<group>"; };
		F3EAAC2821ED797B00D7CBA4 /* DDLog.h */ = {isa = PBXFileReference; fileEncoding = 4; lastKnownFileType = sourcecode.c.h; path = DDLog.h; sourceTree = "<group>"; };
		F3EAAC2921ED797B00D7CBA4 /* DDAbstractDatabaseLogger.h */ = {isa = PBXFileReference; fileEncoding = 4; lastKnownFileType = sourcecode.c.h; path = DDAbstractDatabaseLogger.h; sourceTree = "<group>"; };
		F3EAAC2A21ED797B00D7CBA4 /* DDASLLogger.m */ = {isa = PBXFileReference; fileEncoding = 4; lastKnownFileType = sourcecode.c.objc; path = DDASLLogger.m; sourceTree = "<group>"; };
		F3EAAC2B21ED797B00D7CBA4 /* DDFileLogger.h */ = {isa = PBXFileReference; fileEncoding = 4; lastKnownFileType = sourcecode.c.h; path = DDFileLogger.h; sourceTree = "<group>"; };
		F3EAAC2D21ED797B00D7CBA4 /* DDContextFilterLogFormatter.m */ = {isa = PBXFileReference; fileEncoding = 4; lastKnownFileType = sourcecode.c.objc; path = DDContextFilterLogFormatter.m; sourceTree = "<group>"; };
		F3EAAC2E21ED797B00D7CBA4 /* DDDispatchQueueLogFormatter.m */ = {isa = PBXFileReference; fileEncoding = 4; lastKnownFileType = sourcecode.c.objc; path = DDDispatchQueueLogFormatter.m; sourceTree = "<group>"; };
		F3EAAC2F21ED797B00D7CBA4 /* DDMultiFormatter.h */ = {isa = PBXFileReference; fileEncoding = 4; lastKnownFileType = sourcecode.c.h; path = DDMultiFormatter.h; sourceTree = "<group>"; };
		F3EAAC3021ED797B00D7CBA4 /* DDContextFilterLogFormatter.h */ = {isa = PBXFileReference; fileEncoding = 4; lastKnownFileType = sourcecode.c.h; path = DDContextFilterLogFormatter.h; sourceTree = "<group>"; };
		F3EAAC3121ED797B00D7CBA4 /* DDMultiFormatter.m */ = {isa = PBXFileReference; fileEncoding = 4; lastKnownFileType = sourcecode.c.objc; path = DDMultiFormatter.m; sourceTree = "<group>"; };
		F3EAAC3221ED797B00D7CBA4 /* DDDispatchQueueLogFormatter.h */ = {isa = PBXFileReference; fileEncoding = 4; lastKnownFileType = sourcecode.c.h; path = DDDispatchQueueLogFormatter.h; sourceTree = "<group>"; };
		F3EAAC3321ED797B00D7CBA4 /* DDLog.m */ = {isa = PBXFileReference; fileEncoding = 4; lastKnownFileType = sourcecode.c.objc; path = DDLog.m; sourceTree = "<group>"; };
		F3EAAC3421ED797B00D7CBA4 /* DDTTYLogger.h */ = {isa = PBXFileReference; fileEncoding = 4; lastKnownFileType = sourcecode.c.h; path = DDTTYLogger.h; sourceTree = "<group>"; };
		F3EAAC3521ED797B00D7CBA4 /* DDLog+LOGV.h */ = {isa = PBXFileReference; fileEncoding = 4; lastKnownFileType = sourcecode.c.h; path = "DDLog+LOGV.h"; sourceTree = "<group>"; };
		F3EAAC3621ED797B00D7CBA4 /* DDAbstractDatabaseLogger.m */ = {isa = PBXFileReference; fileEncoding = 4; lastKnownFileType = sourcecode.c.objc; path = DDAbstractDatabaseLogger.m; sourceTree = "<group>"; };
		F3EAAC3721ED797B00D7CBA4 /* DDFileLogger.m */ = {isa = PBXFileReference; fileEncoding = 4; lastKnownFileType = sourcecode.c.objc; path = DDFileLogger.m; sourceTree = "<group>"; };
		F3EAAC3821ED797B00D7CBA4 /* DDASLLogger.h */ = {isa = PBXFileReference; fileEncoding = 4; lastKnownFileType = sourcecode.c.h; path = DDASLLogger.h; sourceTree = "<group>"; };
/* End PBXFileReference section */

/* Begin PBXFrameworksBuildPhase section */
		D4E06E77203701C90095F442 /* Frameworks */ = {
			isa = PBXFrameworksBuildPhase;
			buildActionMask = 2147483647;
			files = (
				D4E06F0920386B810095F442 /* NaiveC.framework in Frameworks */,
			);
			runOnlyForDeploymentPostprocessing = 0;
		};
		D4E06E8F203701CA0095F442 /* Frameworks */ = {
			isa = PBXFrameworksBuildPhase;
			buildActionMask = 2147483647;
			files = (
			);
			runOnlyForDeploymentPostprocessing = 0;
		};
		F31D7F7F2122FB5600E11E5F /* Frameworks */ = {
			isa = PBXFrameworksBuildPhase;
			buildActionMask = 2147483647;
			files = (
				F31D7F8C2122FB8700E11E5F /* liblibNaiveC.a in Frameworks */,
			);
			runOnlyForDeploymentPostprocessing = 0;
		};
		F3D021A421E4934900C05483 /* Frameworks */ = {
			isa = PBXFrameworksBuildPhase;
			buildActionMask = 2147483647;
			files = (
			);
			runOnlyForDeploymentPostprocessing = 0;
		};
		F3D021B921E4934C00C05483 /* Frameworks */ = {
			isa = PBXFrameworksBuildPhase;
			buildActionMask = 2147483647;
			files = (
			);
			runOnlyForDeploymentPostprocessing = 0;
		};
/* End PBXFrameworksBuildPhase section */

/* Begin PBXGroup section */
		4386FB262704463300C6EE2A /* Host */ = {
			isa = PBXGroup;
			children = (
				4386FB27270446CB00C6EE2A /* ViewManager.h */,
				4386FB28270446CB00C6EE2A /* ViewManager.m */,
			);
			path = Host;
			sourceTree = "<group>";
		};
		D4892EEB204569800052267E /* NaiveStudioSDK */ = {
			isa = PBXGroup;
			children = (
				D4892EEC204569800052267E /* NaiveStudioSDK.h */,
				D4892EED204569800052267E /* Info.plist */,
			);
			path = NaiveStudioSDK;
			sourceTree = "<group>";
		};
		D4892EF8204569800052267E /* NaiveStudioSDKTests */ = {
			isa = PBXGroup;
			children = (
				D4892EF9204569800052267E /* NaiveStudioSDKTests.m */,
				D4892EFB204569800052267E /* Info.plist */,
			);
			path = NaiveStudioSDKTests;
			sourceTree = "<group>";
		};
		D4E06E71203701C90095F442 = {
			isa = PBXGroup;
			children = (
				F366D95621EC9050001824AE /* Thirdparty */,
				F36762DE212FB47400A497F8 /* Builtin */,
				F31D7FC12122FC9B00E11E5F /* inc */,
				D4E06E7C203701C90095F442 /* NaiveStudio */,
				D4E06E95203701CA0095F442 /* NaiveStudioTests */,
				D4892EEB204569800052267E /* NaiveStudioSDK */,
				D4892EF8204569800052267E /* NaiveStudioSDKTests */,
				F31D7F832122FB5600E11E5F /* libOnlineDebugToolkit */,
				D4E06E7B203701C90095F442 /* Products */,
				D4E06EDC203705390095F442 /* Frameworks */,
			);
			sourceTree = "<group>";
		};
		D4E06E7B203701C90095F442 /* Products */ = {
			isa = PBXGroup;
			children = (
				D4E06E7A203701C90095F442 /* NaiveStudio.app */,
				D4E06E92203701CA0095F442 /* NaiveStudioTests.xctest */,
				F31D7F822122FB5600E11E5F /* libOnlineDebugToolkit.a */,
				F3D021A721E4934900C05483 /* NaiveStudioMAC.app */,
				F3D021BC21E4934C00C05483 /* NaiveStudioMACTests.xctest */,
			);
			name = Products;
			sourceTree = "<group>";
		};
		D4E06E7C203701C90095F442 /* NaiveStudio */ = {
			isa = PBXGroup;
			children = (
				4386FB262704463300C6EE2A /* Host */,
				F3D0218121E3710F00C05483 /* Remote */,
				D430BCB12058C02F00EC49AE /* NCTestCenter.h */,
				D430BCB22058C02F00EC49AE /* NCTestCenter.m */,
				D4E06EBA203703960095F442 /* Assets.xcassets */,
				D4E06EC4203703980095F442 /* Base.lproj */,
				D4E06EBE203703970095F442 /* Common.h */,
				D4E06EAB203703950095F442 /* Common.mm */,
				D4E06EBF203703970095F442 /* image.xcassets */,
				D4E06EA4203703940095F442 /* Model */,
				D4E06EB1203703950095F442 /* NCAddNewFileViewController.h */,
				D4E06EB5203703960095F442 /* NCAddNewFileViewController.m */,
				D4E06EB0203703950095F442 /* NCCodeFastInputViewController.h */,
				D4E06EC2203703970095F442 /* NCCodeFastInputViewController.m */,
				D4E06EB8203703960095F442 /* NCCodeTemplate.h */,
				D4E06EBB203703960095F442 /* NCCodeTemplate.m */,
				D4E06EB2203703950095F442 /* NCConsole.h */,
				D4E06EA9203703950095F442 /* NCConsole.m */,
				D4E06EAE203703950095F442 /* NCDataSource.h */,
				D4E06EC0203703970095F442 /* NCDataSource.m */,
				D4E06EC3203703970095F442 /* NCEditorViewController.h */,
				D4E06EB9203703960095F442 /* NCEditorViewController.mm */,
				D4E06EAF203703950095F442 /* NCInterpreterController.h */,
				D4E06EAA203703950095F442 /* NCInterpreterController.mm */,
				D4892E9E2043B41F0052267E /* NCMainViewCell.h */,
				D4892E9F2043B41F0052267E /* NCMainViewCell.m */,
				D4892E952043B1730052267E /* NCMainViewController.h */,
				D4892E962043B1730052267E /* NCMainViewController.m */,
				D4E06EBC203703970095F442 /* NCProjectContentViewController.h */,
				D4E06EB4203703960095F442 /* NCProjectContentViewController.m */,
				D4E06EBD203703970095F442 /* NCProjectTableViewCell.h */,
				D4E06EB6203703960095F442 /* NCProjectTableViewCell.m */,
				D4E06EAD203703950095F442 /* NCTextManager.h */,
				D4E06EB3203703960095F442 /* NCTextManager.mm */,
				D4E06EC1203703970095F442 /* UIViewController+NCExtension.h */,
				D4E06EB7203703960095F442 /* UIViewController+NCExtension.m */,
				D4892F2A204577600052267E /* NaiveStudio.h */,
				D4892F2B204577600052267E /* NaiveStudio.mm */,
				D4E06E83203701CA0095F442 /* NaiveStudio.storyboard */,
				D4E06E86203701CA0095F442 /* Assets.xcassets */,
				D4E06E88203701CA0095F442 /* LaunchScreen.storyboard */,
				D4E06E8B203701CA0095F442 /* Info.plist */,
				F31D80512124221A00E11E5F /* AppDelegate.h */,
				F31D80502124221900E11E5F /* AppDelegate.m */,
				D4E06E8C203701CA0095F442 /* main.m */,
			);
			path = NaiveStudio;
			sourceTree = "<group>";
		};
		D4E06E95203701CA0095F442 /* NaiveStudioTests */ = {
			isa = PBXGroup;
			children = (
				D4E06E96203701CA0095F442 /* NaiveStudioTests.m */,
				D4E06E98203701CA0095F442 /* Info.plist */,
			);
			path = NaiveStudioTests;
			sourceTree = "<group>";
		};
		D4E06EA4203703940095F442 /* Model */ = {
			isa = PBXGroup;
			children = (
				D4E06EA7203703940095F442 /* NCProject.h */,
				D4E06EA5203703940095F442 /* NCProject.m */,
				D4E06EA8203703940095F442 /* NCProjectManager.h */,
				D4E06EA6203703940095F442 /* NCProjectManager.m */,
				ED2438802050220800AC27EB /* NSTestManager.h */,
				ED2438812050220800AC27EB /* NSTestManager.m */,
			);
			path = Model;
			sourceTree = "<group>";
		};
		D4E06EC4203703980095F442 /* Base.lproj */ = {
			isa = PBXGroup;
			children = (
				D4E06EC5203703980095F442 /* LaunchScreen.storyboard */,
			);
			path = Base.lproj;
			sourceTree = "<group>";
		};
		D4E06EDC203705390095F442 /* Frameworks */ = {
			isa = PBXGroup;
			children = (
				F31D7FFD2123BD7400E11E5F /* Foundation.framework */,
				F31D7FFB2123BD3E00E11E5F /* libstdc++.6.0.9.tbd */,
				F31D7F8B2122FB8700E11E5F /* liblibNaiveC.a */,
				D4E06EE420370E1C0095F442 /* NaiveC.framework */,
			);
			name = Frameworks;
			sourceTree = "<group>";
		};
		F31D7F832122FB5600E11E5F /* libOnlineDebugToolkit */ = {
			isa = PBXGroup;
			children = (
				F31D7F842122FB5600E11E5F /* libOnlineDebugToolkit.h */,
				F31D7F852122FB5600E11E5F /* libOnlineDebugToolkit.m */,
			);
			path = libOnlineDebugToolkit;
			sourceTree = "<group>";
		};
		F31D7FC12122FC9B00E11E5F /* inc */ = {
			isa = PBXGroup;
			children = (
				F31D7FC22122FC9B00E11E5F /* NCCodeEngine_iOS.h */,
			);
			name = inc;
			path = NaiveStudio/inc;
			sourceTree = "<group>";
		};
		F366D95621EC9050001824AE /* Thirdparty */ = {
			isa = PBXGroup;
			children = (
				F3EAAC1E21ED797B00D7CBA4 /* CocoaAsyncSocket */,
				F366D9FA21ECC621001824AE /* GCDWebServer */,
			);
			path = Thirdparty;
			sourceTree = "<group>";
		};
		F366D9FA21ECC621001824AE /* GCDWebServer */ = {
			isa = PBXGroup;
			children = (
				F366D9FB21ECC621001824AE /* Core */,
				F366DA0821ECC621001824AE /* Responses */,
				F366DA1121ECC621001824AE /* Requests */,
			);
			path = GCDWebServer;
			sourceTree = "<group>";
		};
		F366D9FB21ECC621001824AE /* Core */ = {
			isa = PBXGroup;
			children = (
				F366D9FC21ECC621001824AE /* GCDWebServerFunctions.h */,
				F366D9FD21ECC621001824AE /* GCDWebServerPrivate.h */,
				F366D9FE21ECC621001824AE /* GCDWebServerResponse.m */,
				F366D9FF21ECC621001824AE /* GCDWebServerConnection.h */,
				F366DA0021ECC621001824AE /* GCDWebServer.h */,
				F366DA0121ECC621001824AE /* GCDWebServerRequest.m */,
				F366DA0221ECC621001824AE /* GCDWebServerHTTPStatusCodes.h */,
				F366DA0321ECC621001824AE /* GCDWebServerResponse.h */,
				F366DA0421ECC621001824AE /* GCDWebServerFunctions.m */,
				F366DA0521ECC621001824AE /* GCDWebServer.m */,
				F366DA0621ECC621001824AE /* GCDWebServerConnection.m */,
				F366DA0721ECC621001824AE /* GCDWebServerRequest.h */,
			);
			path = Core;
			sourceTree = "<group>";
		};
		F366DA0821ECC621001824AE /* Responses */ = {
			isa = PBXGroup;
			children = (
				F366DA0921ECC621001824AE /* GCDWebServerFileResponse.h */,
				F366DA0A21ECC621001824AE /* GCDWebServerStreamedResponse.h */,
				F366DA0B21ECC621001824AE /* GCDWebServerErrorResponse.m */,
				F366DA0C21ECC621001824AE /* GCDWebServerDataResponse.h */,
				F366DA0D21ECC621001824AE /* GCDWebServerFileResponse.m */,
				F366DA0E21ECC621001824AE /* GCDWebServerDataResponse.m */,
				F366DA0F21ECC621001824AE /* GCDWebServerErrorResponse.h */,
				F366DA1021ECC621001824AE /* GCDWebServerStreamedResponse.m */,
			);
			path = Responses;
			sourceTree = "<group>";
		};
		F366DA1121ECC621001824AE /* Requests */ = {
			isa = PBXGroup;
			children = (
				F366DA1221ECC621001824AE /* GCDWebServerDataRequest.h */,
				F366DA1321ECC621001824AE /* GCDWebServerMultiPartFormRequest.h */,
				F366DA1421ECC621001824AE /* GCDWebServerFileRequest.h */,
				F366DA1521ECC621001824AE /* GCDWebServerURLEncodedFormRequest.m */,
				F366DA1621ECC621001824AE /* GCDWebServerMultiPartFormRequest.m */,
				F366DA1721ECC621001824AE /* GCDWebServerDataRequest.m */,
				F366DA1821ECC621001824AE /* GCDWebServerFileRequest.m */,
				F366DA1921ECC621001824AE /* GCDWebServerURLEncodedFormRequest.h */,
			);
			path = Requests;
			sourceTree = "<group>";
		};
		F36762DE212FB47400A497F8 /* Builtin */ = {
			isa = PBXGroup;
			children = (
				F3A5B05A212FD8F00034232C /* NCBuiltinManager.h */,
				F3A5B05B212FD8F00034232C /* NCBuiltinManager.mm */,
			);
			name = Builtin;
			path = NaiveStudio/Builtin;
			sourceTree = "<group>";
		};
		F3D0218121E3710F00C05483 /* Remote */ = {
			isa = PBXGroup;
			children = (
				4300C0582701664E0069473A /* NCNetworkData.h */,
				4300C0592701664E0069473A /* NCNetworkData.m */,
				F3D0218921E372A000C05483 /* Avatar */,
				F3D0218521E3718300C05483 /* Server */,
				F3D0218221E3717400C05483 /* NCServerManager.h */,
				F3D0218321E3717400C05483 /* NCServerManager.m */,
			);
			path = Remote;
			sourceTree = "<group>";
		};
		F3D0218521E3718300C05483 /* Server */ = {
			isa = PBXGroup;
			children = (
			);
			path = Server;
			sourceTree = "<group>";
		};
		F3D0218921E372A000C05483 /* Avatar */ = {
			isa = PBXGroup;
			children = (
				F3D0218D21E373E300C05483 /* UIView+Avatar.h */,
				F3D0218E21E373E300C05483 /* UIView+Avatar.m */,
			);
			path = Avatar;
			sourceTree = "<group>";
		};
		F3EAAC1E21ED797B00D7CBA4 /* CocoaAsyncSocket */ = {
			isa = PBXGroup;
			children = (
				F3EAAC1F21ED797B00D7CBA4 /* GCD */,
				F3EAAC2421ED797B00D7CBA4 /* CocoaAsyncSocket.h */,
				F3EAAC2521ED797B00D7CBA4 /* Vendor */,
			);
			path = CocoaAsyncSocket;
			sourceTree = "<group>";
		};
		F3EAAC1F21ED797B00D7CBA4 /* GCD */ = {
			isa = PBXGroup;
			children = (
				F3EAAC2021ED797B00D7CBA4 /* GCDAsyncUdpSocket.m */,
				F3EAAC2121ED797B00D7CBA4 /* GCDAsyncSocket.m */,
				F3EAAC2221ED797B00D7CBA4 /* GCDAsyncUdpSocket.h */,
				F3EAAC2321ED797B00D7CBA4 /* GCDAsyncSocket.h */,
			);
			path = GCD;
			sourceTree = "<group>";
		};
		F3EAAC2521ED797B00D7CBA4 /* Vendor */ = {
			isa = PBXGroup;
			children = (
				F3EAAC2621ED797B00D7CBA4 /* CocoaLumberjack */,
			);
			path = Vendor;
			sourceTree = "<group>";
		};
		F3EAAC2621ED797B00D7CBA4 /* CocoaLumberjack */ = {
			isa = PBXGroup;
			children = (
				F3EAAC2721ED797B00D7CBA4 /* DDTTYLogger.m */,
				F3EAAC2821ED797B00D7CBA4 /* DDLog.h */,
				F3EAAC2921ED797B00D7CBA4 /* DDAbstractDatabaseLogger.h */,
				F3EAAC2A21ED797B00D7CBA4 /* DDASLLogger.m */,
				F3EAAC2B21ED797B00D7CBA4 /* DDFileLogger.h */,
				F3EAAC2C21ED797B00D7CBA4 /* Extensions */,
				F3EAAC3321ED797B00D7CBA4 /* DDLog.m */,
				F3EAAC3421ED797B00D7CBA4 /* DDTTYLogger.h */,
				F3EAAC3521ED797B00D7CBA4 /* DDLog+LOGV.h */,
				F3EAAC3621ED797B00D7CBA4 /* DDAbstractDatabaseLogger.m */,
				F3EAAC3721ED797B00D7CBA4 /* DDFileLogger.m */,
				F3EAAC3821ED797B00D7CBA4 /* DDASLLogger.h */,
			);
			path = CocoaLumberjack;
			sourceTree = "<group>";
		};
		F3EAAC2C21ED797B00D7CBA4 /* Extensions */ = {
			isa = PBXGroup;
			children = (
				F3EAAC2D21ED797B00D7CBA4 /* DDContextFilterLogFormatter.m */,
				F3EAAC2E21ED797B00D7CBA4 /* DDDispatchQueueLogFormatter.m */,
				F3EAAC2F21ED797B00D7CBA4 /* DDMultiFormatter.h */,
				F3EAAC3021ED797B00D7CBA4 /* DDContextFilterLogFormatter.h */,
				F3EAAC3121ED797B00D7CBA4 /* DDMultiFormatter.m */,
				F3EAAC3221ED797B00D7CBA4 /* DDDispatchQueueLogFormatter.h */,
			);
			path = Extensions;
			sourceTree = "<group>";
		};
/* End PBXGroup section */

/* Begin PBXNativeTarget section */
		D4E06E79203701C90095F442 /* NaiveStudio */ = {
			isa = PBXNativeTarget;
			buildConfigurationList = D4E06E9B203701CA0095F442 /* Build configuration list for PBXNativeTarget "NaiveStudio" */;
			buildPhases = (
				D4E06E76203701C90095F442 /* Sources */,
				D4E06E77203701C90095F442 /* Frameworks */,
				D4E06E78203701C90095F442 /* Resources */,
				D4E06F0B20386B810095F442 /* Embed Frameworks */,
			);
			buildRules = (
			);
			dependencies = (
			);
			name = NaiveStudio;
			productName = NaiveStudio;
			productReference = D4E06E7A203701C90095F442 /* NaiveStudio.app */;
			productType = "com.apple.product-type.application";
		};
		D4E06E91203701CA0095F442 /* NaiveStudioTests */ = {
			isa = PBXNativeTarget;
			buildConfigurationList = D4E06E9E203701CA0095F442 /* Build configuration list for PBXNativeTarget "NaiveStudioTests" */;
			buildPhases = (
				D4E06E8E203701CA0095F442 /* Sources */,
				D4E06E8F203701CA0095F442 /* Frameworks */,
				D4E06E90203701CA0095F442 /* Resources */,
			);
			buildRules = (
			);
			dependencies = (
				D4E06E94203701CA0095F442 /* PBXTargetDependency */,
			);
			name = NaiveStudioTests;
			productName = NaiveStudioTests;
			productReference = D4E06E92203701CA0095F442 /* NaiveStudioTests.xctest */;
			productType = "com.apple.product-type.bundle.unit-test";
		};
		F31D7F812122FB5600E11E5F /* OnlineDebugToolkit */ = {
			isa = PBXNativeTarget;
			buildConfigurationList = F31D7F8A2122FB5600E11E5F /* Build configuration list for PBXNativeTarget "OnlineDebugToolkit" */;
			buildPhases = (
				F31D7F7E2122FB5600E11E5F /* Sources */,
				F31D7F7F2122FB5600E11E5F /* Frameworks */,
				F31D7F802122FB5600E11E5F /* CopyFiles */,
				F31D80062123C54000E11E5F /* Resources */,
				F365C7282238F836001C43CD /* ShellScript */,
			);
			buildRules = (
			);
			dependencies = (
			);
			name = OnlineDebugToolkit;
			productName = libOnlineDebugToolkit;
			productReference = F31D7F822122FB5600E11E5F /* libOnlineDebugToolkit.a */;
			productType = "com.apple.product-type.library.static";
		};
		F3D021A621E4934900C05483 /* NaiveStudioMAC */ = {
			isa = PBXNativeTarget;
			buildConfigurationList = F3D021C321E4934D00C05483 /* Build configuration list for PBXNativeTarget "NaiveStudioMAC" */;
			buildPhases = (
				F3D021A321E4934900C05483 /* Sources */,
				F3D021A421E4934900C05483 /* Frameworks */,
				F3D021A521E4934900C05483 /* Resources */,
			);
			buildRules = (
			);
			dependencies = (
			);
			name = NaiveStudioMAC;
			productName = NaiveStudioMAC;
			productReference = F3D021A721E4934900C05483 /* NaiveStudioMAC.app */;
			productType = "com.apple.product-type.application";
		};
		F3D021BB21E4934C00C05483 /* NaiveStudioMACTests */ = {
			isa = PBXNativeTarget;
			buildConfigurationList = F3D021C621E4934D00C05483 /* Build configuration list for PBXNativeTarget "NaiveStudioMACTests" */;
			buildPhases = (
				F3D021B821E4934C00C05483 /* Sources */,
				F3D021B921E4934C00C05483 /* Frameworks */,
				F3D021BA21E4934C00C05483 /* Resources */,
			);
			buildRules = (
			);
			dependencies = (
				F3D021BE21E4934C00C05483 /* PBXTargetDependency */,
			);
			name = NaiveStudioMACTests;
			productName = NaiveStudioMACTests;
			productReference = F3D021BC21E4934C00C05483 /* NaiveStudioMACTests.xctest */;
			productType = "com.apple.product-type.bundle.unit-test";
		};
/* End PBXNativeTarget section */

/* Begin PBXProject section */
		D4E06E72203701C90095F442 /* Project object */ = {
			isa = PBXProject;
			attributes = {
				LastUpgradeCheck = 0940;
				ORGANIZATIONNAME = "Liang,Zhiyuan(GIS)";
				TargetAttributes = {
					D4E06E79203701C90095F442 = {
						CreatedOnToolsVersion = 9.2;
						ProvisioningStyle = Manual;
					};
					D4E06E91203701CA0095F442 = {
						CreatedOnToolsVersion = 9.2;
						ProvisioningStyle = Automatic;
						TestTargetID = D4E06E79203701C90095F442;
					};
					F31D7F812122FB5600E11E5F = {
						CreatedOnToolsVersion = 9.4.1;
						ProvisioningStyle = Automatic;
					};
					F3D021A621E4934900C05483 = {
						CreatedOnToolsVersion = 10.1;
						ProvisioningStyle = Automatic;
					};
					F3D021BB21E4934C00C05483 = {
						CreatedOnToolsVersion = 10.1;
						ProvisioningStyle = Automatic;
						TestTargetID = F3D021A621E4934900C05483;
					};
				};
			};
			buildConfigurationList = D4E06E75203701C90095F442 /* Build configuration list for PBXProject "NaiveStudio" */;
			compatibilityVersion = "Xcode 8.0";
			developmentRegion = en;
			hasScannedForEncodings = 0;
			knownRegions = (
				en,
				Base,
			);
			mainGroup = D4E06E71203701C90095F442;
			productRefGroup = D4E06E7B203701C90095F442 /* Products */;
			projectDirPath = "";
			projectRoot = "";
			targets = (
				D4E06E79203701C90095F442 /* NaiveStudio */,
				D4E06E91203701CA0095F442 /* NaiveStudioTests */,
				F31D7F812122FB5600E11E5F /* OnlineDebugToolkit */,
				F3D021A621E4934900C05483 /* NaiveStudioMAC */,
				F3D021BB21E4934C00C05483 /* NaiveStudioMACTests */,
			);
		};
/* End PBXProject section */

/* Begin PBXResourcesBuildPhase section */
		D4E06E78203701C90095F442 /* Resources */ = {
			isa = PBXResourcesBuildPhase;
			buildActionMask = 2147483647;
			files = (
				D4E06E8A203701CA0095F442 /* LaunchScreen.storyboard in Resources */,
				D4E06E87203701CA0095F442 /* Assets.xcassets in Resources */,
				D4E06ED6203703980095F442 /* image.xcassets in Resources */,
				D4E06ED9203703980095F442 /* LaunchScreen.storyboard in Resources */,
				D4E06E85203701CA0095F442 /* NaiveStudio.storyboard in Resources */,
			);
			runOnlyForDeploymentPostprocessing = 0;
		};
		D4E06E90203701CA0095F442 /* Resources */ = {
			isa = PBXResourcesBuildPhase;
			buildActionMask = 2147483647;
			files = (
			);
			runOnlyForDeploymentPostprocessing = 0;
		};
		F31D80062123C54000E11E5F /* Resources */ = {
			isa = PBXResourcesBuildPhase;
			buildActionMask = 2147483647;
			files = (
			);
			runOnlyForDeploymentPostprocessing = 0;
		};
		F3D021A521E4934900C05483 /* Resources */ = {
			isa = PBXResourcesBuildPhase;
			buildActionMask = 2147483647;
			files = (
			);
			runOnlyForDeploymentPostprocessing = 0;
		};
		F3D021BA21E4934C00C05483 /* Resources */ = {
			isa = PBXResourcesBuildPhase;
			buildActionMask = 2147483647;
			files = (
			);
			runOnlyForDeploymentPostprocessing = 0;
		};
/* End PBXResourcesBuildPhase section */

/* Begin PBXShellScriptBuildPhase section */
		F365C7282238F836001C43CD /* ShellScript */ = {
			isa = PBXShellScriptBuildPhase;
			buildActionMask = 2147483647;
			files = (
			);
			inputFileListPaths = (
			);
			inputPaths = (
			);
			outputFileListPaths = (
			);
			outputPaths = (
			);
			runOnlyForDeploymentPostprocessing = 0;
			shellPath = /bin/sh;
			shellScript = "# Type a script or drag a script file from your workspace to insert its path.\nPRODUCT=\"${BUILT_PRODUCTS_DIR}/libOnlineDebugToolKit.a\"\n#cp -f \"${PRODUCT}\" /Users/liangzhiyuan01_new/Documents/workspace/baidu/mapnavi/app/naviapp/baidu-navi/ios/baiduNaviSDK/Dependency/libs\n";
		};
/* End PBXShellScriptBuildPhase section */

/* Begin PBXSourcesBuildPhase section */
		D4E06E76203701C90095F442 /* Sources */ = {
			isa = PBXSourcesBuildPhase;
			buildActionMask = 2147483647;
			files = (
				F3EAAC4021ED797B00D7CBA4 /* DDLog.m in Sources */,
				D4892E972043B1730052267E /* NCMainViewController.m in Sources */,
				D4E06ED5203703980095F442 /* NCCodeTemplate.m in Sources */,
				ED2438822050220800AC27EB /* NSTestManager.m in Sources */,
				D4892EA02043B41F0052267E /* NCMainViewCell.m in Sources */,
				F3EAAC3B21ED797B00D7CBA4 /* DDTTYLogger.m in Sources */,
				D4E06ECF203703980095F442 /* NCProjectContentViewController.m in Sources */,
				D4E06ECB203703980095F442 /* NCConsole.m in Sources */,
				F366DA2221ECC622001824AE /* GCDWebServerStreamedResponse.m in Sources */,
				F3EAAC3C21ED797B00D7CBA4 /* DDASLLogger.m in Sources */,
				D4E06ECD203703980095F442 /* Common.mm in Sources */,
				4386FB29270446CC00C6EE2A /* ViewManager.m in Sources */,
				F366DA2321ECC622001824AE /* GCDWebServerURLEncodedFormRequest.m in Sources */,
				D4892F2C204577600052267E /* NaiveStudio.mm in Sources */,
				D4E06ED7203703980095F442 /* NCDataSource.m in Sources */,
				F366DA2421ECC622001824AE /* GCDWebServerMultiPartFormRequest.m in Sources */,
				4300C05A2701664F0069473A /* NCNetworkData.m in Sources */,
				D4E06ED2203703980095F442 /* UIViewController+NCExtension.m in Sources */,
				F3EAAC4221ED797B00D7CBA4 /* DDFileLogger.m in Sources */,
				F366DA2521ECC622001824AE /* GCDWebServerDataRequest.m in Sources */,
				F3EAAC4121ED797B00D7CBA4 /* DDAbstractDatabaseLogger.m in Sources */,
				F366DA1F21ECC622001824AE /* GCDWebServerErrorResponse.m in Sources */,
				D4E06ED0203703980095F442 /* NCAddNewFileViewController.m in Sources */,
				F3EAAC3F21ED797B00D7CBA4 /* DDMultiFormatter.m in Sources */,
				F3D0218F21E373E300C05483 /* UIView+Avatar.m in Sources */,
				D4E06E8D203701CA0095F442 /* main.m in Sources */,
				F3EAAC3A21ED797B00D7CBA4 /* GCDAsyncSocket.m in Sources */,
				F3A5B05C212FD8F00034232C /* NCBuiltinManager.mm in Sources */,
				F366DA2621ECC622001824AE /* GCDWebServerFileRequest.m in Sources */,
				F366DA2121ECC622001824AE /* GCDWebServerDataResponse.m in Sources */,
				F3EAAC3E21ED797B00D7CBA4 /* DDDispatchQueueLogFormatter.m in Sources */,
				D4E06ED1203703980095F442 /* NCProjectTableViewCell.m in Sources */,
				F366DA2021ECC622001824AE /* GCDWebServerFileResponse.m in Sources */,
				D4E06ECC203703980095F442 /* NCInterpreterController.mm in Sources */,
				D4E06EC9203703980095F442 /* NCProject.m in Sources */,
				D4E06ED3203703980095F442 /* NCEditorViewController.mm in Sources */,
				F3EAAC3921ED797B00D7CBA4 /* GCDAsyncUdpSocket.m in Sources */,
				F3D0218421E3717400C05483 /* NCServerManager.m in Sources */,
				D430BCB32058C03000EC49AE /* NCTestCenter.m in Sources */,
				F366DA1D21ECC622001824AE /* GCDWebServer.m in Sources */,
				D4E06ECE203703980095F442 /* NCTextManager.mm in Sources */,
				F366DA1E21ECC622001824AE /* GCDWebServerConnection.m in Sources */,
				F366DA1B21ECC622001824AE /* GCDWebServerRequest.m in Sources */,
				D4E06ED8203703980095F442 /* NCCodeFastInputViewController.m in Sources */,
				F3EAAC3D21ED797B00D7CBA4 /* DDContextFilterLogFormatter.m in Sources */,
				F366DA1A21ECC622001824AE /* GCDWebServerResponse.m in Sources */,
				D4E06ECA203703980095F442 /* NCProjectManager.m in Sources */,
				F366DA1C21ECC622001824AE /* GCDWebServerFunctions.m in Sources */,
				F31D80522124221A00E11E5F /* AppDelegate.m in Sources */,
			);
			runOnlyForDeploymentPostprocessing = 0;
		};
		D4E06E8E203701CA0095F442 /* Sources */ = {
			isa = PBXSourcesBuildPhase;
			buildActionMask = 2147483647;
			files = (
				D4E06E97203701CA0095F442 /* NaiveStudioTests.m in Sources */,
			);
			runOnlyForDeploymentPostprocessing = 0;
		};
		F31D7F7E2122FB5600E11E5F /* Sources */ = {
			isa = PBXSourcesBuildPhase;
			buildActionMask = 2147483647;
			files = (
				4300C0602701775E0069473A /* NCNetworkData.m in Sources */,
				F3EAAC8421EDFC5300D7CBA4 /* GCDAsyncUdpSocket.m in Sources */,
				F3EAAC8521EDFC5300D7CBA4 /* GCDAsyncSocket.m in Sources */,
				F3EAAC8621EDFC5300D7CBA4 /* GCDAsyncUdpSocket.h in Sources */,
				F3EAAC8721EDFC5300D7CBA4 /* GCDAsyncSocket.h in Sources */,
				F3EAAC8821EDFC5300D7CBA4 /* CocoaAsyncSocket.h in Sources */,
				F3EAAC8921EDFC5300D7CBA4 /* DDTTYLogger.m in Sources */,
				F3EAAC8A21EDFC5300D7CBA4 /* DDLog.h in Sources */,
				F3EAAC8B21EDFC5300D7CBA4 /* DDAbstractDatabaseLogger.h in Sources */,
				F3EAAC8C21EDFC5300D7CBA4 /* DDASLLogger.m in Sources */,
				F3EAAC8D21EDFC5300D7CBA4 /* DDFileLogger.h in Sources */,
				F3EAAC8E21EDFC5300D7CBA4 /* DDContextFilterLogFormatter.m in Sources */,
				F3EAAC8F21EDFC5300D7CBA4 /* DDDispatchQueueLogFormatter.m in Sources */,
				F3EAAC9021EDFC5300D7CBA4 /* DDMultiFormatter.h in Sources */,
				F3EAAC9121EDFC5300D7CBA4 /* DDContextFilterLogFormatter.h in Sources */,
				F3EAAC9221EDFC5300D7CBA4 /* DDMultiFormatter.m in Sources */,
				F3EAAC9321EDFC5300D7CBA4 /* DDDispatchQueueLogFormatter.h in Sources */,
				F3EAAC9421EDFC5300D7CBA4 /* DDLog.m in Sources */,
				F3EAAC9521EDFC5300D7CBA4 /* DDTTYLogger.h in Sources */,
				F3EAAC9621EDFC5300D7CBA4 /* DDLog+LOGV.h in Sources */,
				F3EAAC9721EDFC5300D7CBA4 /* DDAbstractDatabaseLogger.m in Sources */,
				F3EAAC9821EDFC5300D7CBA4 /* DDFileLogger.m in Sources */,
				F3EAAC9921EDFC5300D7CBA4 /* DDASLLogger.h in Sources */,
				F3EAAC9A21EDFC5300D7CBA4 /* NCBuiltinManager.h in Sources */,
				F3EAAC9D21EDFC5300D7CBA4 /* UIView+Avatar.h in Sources */,
				F3EAAC9E21EDFC5300D7CBA4 /* UIView+Avatar.m in Sources */,
				F3EAAC9F21EDFC5300D7CBA4 /* NCServerManager.h in Sources */,
				F3EAACA021EDFC5300D7CBA4 /* NCServerManager.m in Sources */,
				F3A5B05E212FE4920034232C /* NCBuiltinManager.mm in Sources */,
				F31D7F8D2122FB9500E11E5F /* NCTestCenter.h in Sources */,
				F31D7F8E2122FB9500E11E5F /* NCTestCenter.m in Sources */,
				F31D7F902122FB9500E11E5F /* Common.h in Sources */,
				F31D7F912122FB9500E11E5F /* Common.mm in Sources */,
				F31D7F932122FB9500E11E5F /* NCProject.m in Sources */,
				F31D7F942122FB9500E11E5F /* NCProjectManager.m in Sources */,
				F31D7F952122FB9500E11E5F /* NCProject.h in Sources */,
				F31D7F962122FB9500E11E5F /* NCProjectManager.h in Sources */,
				F31D7F972122FB9500E11E5F /* NSTestManager.h in Sources */,
				F31D7F982122FB9500E11E5F /* NSTestManager.m in Sources */,
				F31D7F992122FB9500E11E5F /* NCAddNewFileViewController.h in Sources */,
				F31D7F9A2122FB9500E11E5F /* NCAddNewFileViewController.m in Sources */,
				F31D7F9B2122FB9500E11E5F /* NCCodeFastInputViewController.h in Sources */,
				F31D7F9C2122FB9500E11E5F /* NCCodeFastInputViewController.m in Sources */,
				F31D7F9D2122FB9500E11E5F /* NCCodeTemplate.h in Sources */,
				F31D7F9E2122FB9500E11E5F /* NCCodeTemplate.m in Sources */,
				F31D7F9F2122FB9500E11E5F /* NCConsole.h in Sources */,
				F31D7FA02122FB9500E11E5F /* NCConsole.m in Sources */,
				F31D7FA12122FB9500E11E5F /* NCDataSource.h in Sources */,
				F31D7FA22122FB9500E11E5F /* NCDataSource.m in Sources */,
				F31D7FA32122FB9500E11E5F /* NCEditorViewController.h in Sources */,
				F31D7FA42122FB9500E11E5F /* NCEditorViewController.mm in Sources */,
				F31D7FA52122FB9500E11E5F /* NCInterpreterController.h in Sources */,
				F31D7FA62122FB9500E11E5F /* NCInterpreterController.mm in Sources */,
				F31D7FA72122FB9500E11E5F /* NCMainViewCell.h in Sources */,
				F31D7FA82122FB9500E11E5F /* NCMainViewCell.m in Sources */,
				F31D7FA92122FB9500E11E5F /* NCMainViewController.h in Sources */,
				F31D7FAA2122FB9500E11E5F /* NCMainViewController.m in Sources */,
				F31D7FAB2122FB9500E11E5F /* NCProjectContentViewController.h in Sources */,
				F31D7FAC2122FB9500E11E5F /* NCProjectContentViewController.m in Sources */,
				F31D7FAD2122FB9500E11E5F /* NCProjectTableViewCell.h in Sources */,
				F31D7FAE2122FB9500E11E5F /* NCProjectTableViewCell.m in Sources */,
				F31D7FAF2122FB9500E11E5F /* NCTextManager.h in Sources */,
				F31D7FB02122FB9500E11E5F /* NCTextManager.mm in Sources */,
				F31D7FB12122FB9500E11E5F /* UIViewController+NCExtension.h in Sources */,
				F31D7FB22122FB9500E11E5F /* UIViewController+NCExtension.m in Sources */,
				F31D7FB32122FB9500E11E5F /* NaiveStudio.h in Sources */,
				F31D7FB42122FB9500E11E5F /* NaiveStudio.mm in Sources */,
				F31D7FBC2122FB9500E11E5F /* NaiveStudioSDK.h in Sources */,
				F31D7FC02122FB9500E11E5F /* libOnlineDebugToolkit.h in Sources */,
				F31D7F862122FB5600E11E5F /* libOnlineDebugToolkit.m in Sources */,
			);
			runOnlyForDeploymentPostprocessing = 0;
		};
		F3D021A321E4934900C05483 /* Sources */ = {
			isa = PBXSourcesBuildPhase;
			buildActionMask = 2147483647;
			files = (
				F3D021C921E494A600C05483 /* NCBuiltinManager.h in Sources */,
				F3D021CA21E494A600C05483 /* NCBuiltinManager.mm in Sources */,
				F3D021CB21E494A600C05483 /* NCCodeEngine_iOS.h in Sources */,
				F3D021CC21E494A600C05483 /* NCTestCenter.h in Sources */,
				F3D021CD21E494A600C05483 /* NCTestCenter.m in Sources */,
				F3D021CE21E494A600C05483 /* Common.h in Sources */,
				F3D021CF21E494A600C05483 /* Common.mm in Sources */,
				F3D021D021E494A600C05483 /* image.xcassets in Sources */,
				F3D021D121E494A600C05483 /* NCProject.h in Sources */,
				F3D021D221E494A600C05483 /* NCProject.m in Sources */,
				F3D021D321E494A600C05483 /* NCProjectManager.h in Sources */,
				F3D021D421E494A600C05483 /* NCProjectManager.m in Sources */,
				F3D021D521E494A600C05483 /* NSTestManager.h in Sources */,
				F3D021D621E494A600C05483 /* NSTestManager.m in Sources */,
				F3D021D721E494A600C05483 /* NCAddNewFileViewController.h in Sources */,
				F3D021D821E494A600C05483 /* NCAddNewFileViewController.m in Sources */,
				F3D021D921E494A600C05483 /* NCCodeFastInputViewController.h in Sources */,
				F3D021DA21E494A600C05483 /* NCCodeFastInputViewController.m in Sources */,
				F3D021DB21E494A600C05483 /* NCCodeTemplate.h in Sources */,
				F3D021DC21E494A600C05483 /* NCCodeTemplate.m in Sources */,
				F3D021DD21E494A600C05483 /* NCConsole.h in Sources */,
				F3D021DE21E494A600C05483 /* NCConsole.m in Sources */,
				F3D021DF21E494A600C05483 /* NCDataSource.h in Sources */,
				F3D021E021E494A600C05483 /* NCDataSource.m in Sources */,
				F3D021E121E494A600C05483 /* NCEditorViewController.h in Sources */,
				F3D021E221E494A600C05483 /* NCEditorViewController.mm in Sources */,
				F3D021E321E494A600C05483 /* NCInterpreterController.h in Sources */,
				F3D021E421E494A600C05483 /* NCInterpreterController.mm in Sources */,
				F3D021E521E494A600C05483 /* NCMainViewCell.h in Sources */,
				F3D021E621E494A600C05483 /* NCMainViewCell.m in Sources */,
				F3D021E721E494A600C05483 /* NCMainViewController.h in Sources */,
				F3D021E821E494A600C05483 /* NCMainViewController.m in Sources */,
				F3D021E921E494A600C05483 /* NCProjectContentViewController.h in Sources */,
				F3D021EA21E494A600C05483 /* NCProjectContentViewController.m in Sources */,
				F3D021EB21E494A600C05483 /* NCProjectTableViewCell.h in Sources */,
				F3D021EC21E494A600C05483 /* NCProjectTableViewCell.m in Sources */,
				F3D021ED21E494A600C05483 /* NCTextManager.h in Sources */,
				F3D021EE21E494A600C05483 /* NCTextManager.mm in Sources */,
				F3D021EF21E494A600C05483 /* UIViewController+NCExtension.h in Sources */,
				F3D021F021E494A600C05483 /* UIViewController+NCExtension.m in Sources */,
				F3D021F121E494A600C05483 /* NaiveStudio.h in Sources */,
				F3D021F221E494A600C05483 /* NaiveStudio.mm in Sources */,
			);
			runOnlyForDeploymentPostprocessing = 0;
		};
		F3D021B821E4934C00C05483 /* Sources */ = {
			isa = PBXSourcesBuildPhase;
			buildActionMask = 2147483647;
			files = (
			);
			runOnlyForDeploymentPostprocessing = 0;
		};
/* End PBXSourcesBuildPhase section */

/* Begin PBXTargetDependency section */
		D4E06E94203701CA0095F442 /* PBXTargetDependency */ = {
			isa = PBXTargetDependency;
			target = D4E06E79203701C90095F442 /* NaiveStudio */;
			targetProxy = D4E06E93203701CA0095F442 /* PBXContainerItemProxy */;
		};
		F3D021BE21E4934C00C05483 /* PBXTargetDependency */ = {
			isa = PBXTargetDependency;
			target = F3D021A621E4934900C05483 /* NaiveStudioMAC */;
			targetProxy = F3D021BD21E4934C00C05483 /* PBXContainerItemProxy */;
		};
/* End PBXTargetDependency section */

/* Begin PBXVariantGroup section */
		D4E06E83203701CA0095F442 /* NaiveStudio.storyboard */ = {
			isa = PBXVariantGroup;
			children = (
				D4E06E84203701CA0095F442 /* Base */,
			);
			name = NaiveStudio.storyboard;
			sourceTree = "<group>";
		};
		D4E06E88203701CA0095F442 /* LaunchScreen.storyboard */ = {
			isa = PBXVariantGroup;
			children = (
				D4E06E89203701CA0095F442 /* Base */,
			);
			name = LaunchScreen.storyboard;
			sourceTree = "<group>";
		};
		D4E06EC5203703980095F442 /* LaunchScreen.storyboard */ = {
			isa = PBXVariantGroup;
			children = (
				D4E06EC6203703980095F442 /* Base */,
			);
			name = LaunchScreen.storyboard;
			sourceTree = "<group>";
		};
/* End PBXVariantGroup section */

/* Begin XCBuildConfiguration section */
		D4E06E99203701CA0095F442 /* Debug */ = {
			isa = XCBuildConfiguration;
			buildSettings = {
				ALWAYS_SEARCH_USER_PATHS = NO;
				CLANG_ANALYZER_NONNULL = YES;
				CLANG_ANALYZER_NUMBER_OBJECT_CONVERSION = YES_AGGRESSIVE;
				CLANG_CXX_LANGUAGE_STANDARD = "gnu++14";
				CLANG_CXX_LIBRARY = "libc++";
				CLANG_ENABLE_MODULES = YES;
				CLANG_ENABLE_OBJC_ARC = YES;
				CLANG_WARN_BLOCK_CAPTURE_AUTORELEASING = YES;
				CLANG_WARN_BOOL_CONVERSION = YES;
				CLANG_WARN_COMMA = YES;
				CLANG_WARN_CONSTANT_CONVERSION = YES;
				CLANG_WARN_DEPRECATED_OBJC_IMPLEMENTATIONS = YES;
				CLANG_WARN_DIRECT_OBJC_ISA_USAGE = YES_ERROR;
				CLANG_WARN_DOCUMENTATION_COMMENTS = YES;
				CLANG_WARN_EMPTY_BODY = YES;
				CLANG_WARN_ENUM_CONVERSION = YES;
				CLANG_WARN_INFINITE_RECURSION = YES;
				CLANG_WARN_INT_CONVERSION = YES;
				CLANG_WARN_NON_LITERAL_NULL_CONVERSION = YES;
				CLANG_WARN_OBJC_IMPLICIT_RETAIN_SELF = YES;
				CLANG_WARN_OBJC_LITERAL_CONVERSION = YES;
				CLANG_WARN_OBJC_ROOT_CLASS = YES_ERROR;
				CLANG_WARN_RANGE_LOOP_ANALYSIS = YES;
				CLANG_WARN_STRICT_PROTOTYPES = YES;
				CLANG_WARN_SUSPICIOUS_MOVE = YES;
				CLANG_WARN_UNGUARDED_AVAILABILITY = YES_AGGRESSIVE;
				CLANG_WARN_UNREACHABLE_CODE = YES;
				CLANG_WARN__DUPLICATE_METHOD_MATCH = YES;
				CODE_SIGN_IDENTITY = "iPhone Developer";
				COPY_PHASE_STRIP = NO;
				DEBUG_INFORMATION_FORMAT = dwarf;
				ENABLE_STRICT_OBJC_MSGSEND = YES;
				ENABLE_TESTABILITY = YES;
				GCC_C_LANGUAGE_STANDARD = gnu11;
				GCC_DYNAMIC_NO_PIC = NO;
				GCC_NO_COMMON_BLOCKS = YES;
				GCC_OPTIMIZATION_LEVEL = 0;
				GCC_PREPROCESSOR_DEFINITIONS = (
					"DEBUG=1",
					"$(inherited)",
				);
				GCC_WARN_64_TO_32_BIT_CONVERSION = YES;
				GCC_WARN_ABOUT_RETURN_TYPE = YES_ERROR;
				GCC_WARN_UNDECLARED_SELECTOR = YES;
				GCC_WARN_UNINITIALIZED_AUTOS = YES_AGGRESSIVE;
				GCC_WARN_UNUSED_FUNCTION = YES;
				GCC_WARN_UNUSED_VARIABLE = YES;
				HEADER_SEARCH_PATHS = ./NaiveStudio/inc/;
				IPHONEOS_DEPLOYMENT_TARGET = 11.2;
				MTL_ENABLE_DEBUG_INFO = YES;
				ONLY_ACTIVE_ARCH = YES;
				SDKROOT = iphoneos;
			};
			name = Debug;
		};
		D4E06E9A203701CA0095F442 /* Release */ = {
			isa = XCBuildConfiguration;
			buildSettings = {
				ALWAYS_SEARCH_USER_PATHS = NO;
				CLANG_ANALYZER_NONNULL = YES;
				CLANG_ANALYZER_NUMBER_OBJECT_CONVERSION = YES_AGGRESSIVE;
				CLANG_CXX_LANGUAGE_STANDARD = "gnu++14";
				CLANG_CXX_LIBRARY = "libc++";
				CLANG_ENABLE_MODULES = YES;
				CLANG_ENABLE_OBJC_ARC = YES;
				CLANG_WARN_BLOCK_CAPTURE_AUTORELEASING = YES;
				CLANG_WARN_BOOL_CONVERSION = YES;
				CLANG_WARN_COMMA = YES;
				CLANG_WARN_CONSTANT_CONVERSION = YES;
				CLANG_WARN_DEPRECATED_OBJC_IMPLEMENTATIONS = YES;
				CLANG_WARN_DIRECT_OBJC_ISA_USAGE = YES_ERROR;
				CLANG_WARN_DOCUMENTATION_COMMENTS = YES;
				CLANG_WARN_EMPTY_BODY = YES;
				CLANG_WARN_ENUM_CONVERSION = YES;
				CLANG_WARN_INFINITE_RECURSION = YES;
				CLANG_WARN_INT_CONVERSION = YES;
				CLANG_WARN_NON_LITERAL_NULL_CONVERSION = YES;
				CLANG_WARN_OBJC_IMPLICIT_RETAIN_SELF = YES;
				CLANG_WARN_OBJC_LITERAL_CONVERSION = YES;
				CLANG_WARN_OBJC_ROOT_CLASS = YES_ERROR;
				CLANG_WARN_RANGE_LOOP_ANALYSIS = YES;
				CLANG_WARN_STRICT_PROTOTYPES = YES;
				CLANG_WARN_SUSPICIOUS_MOVE = YES;
				CLANG_WARN_UNGUARDED_AVAILABILITY = YES_AGGRESSIVE;
				CLANG_WARN_UNREACHABLE_CODE = YES;
				CLANG_WARN__DUPLICATE_METHOD_MATCH = YES;
				CODE_SIGN_IDENTITY = "iPhone Developer";
				COPY_PHASE_STRIP = NO;
				DEBUG_INFORMATION_FORMAT = "dwarf-with-dsym";
				ENABLE_NS_ASSERTIONS = NO;
				ENABLE_STRICT_OBJC_MSGSEND = YES;
				GCC_C_LANGUAGE_STANDARD = gnu11;
				GCC_NO_COMMON_BLOCKS = YES;
				GCC_WARN_64_TO_32_BIT_CONVERSION = YES;
				GCC_WARN_ABOUT_RETURN_TYPE = YES_ERROR;
				GCC_WARN_UNDECLARED_SELECTOR = YES;
				GCC_WARN_UNINITIALIZED_AUTOS = YES_AGGRESSIVE;
				GCC_WARN_UNUSED_FUNCTION = YES;
				GCC_WARN_UNUSED_VARIABLE = YES;
				HEADER_SEARCH_PATHS = ./NaiveStudio/inc/;
				IPHONEOS_DEPLOYMENT_TARGET = 11.2;
				MTL_ENABLE_DEBUG_INFO = NO;
				SDKROOT = iphoneos;
				VALIDATE_PRODUCT = YES;
			};
			name = Release;
		};
		D4E06E9C203701CA0095F442 /* Debug */ = {
			isa = XCBuildConfiguration;
			buildSettings = {
				ASSETCATALOG_COMPILER_APPICON_NAME = AppIcon;
				CODE_SIGN_IDENTITY = "iPhone Developer: rd szlbs (KWNPF2348G)";
				"CODE_SIGN_IDENTITY[sdk=iphoneos*]" = "iPhone Developer";
				CODE_SIGN_STYLE = Manual;
				DEVELOPMENT_TEAM = 28KB4W64D4;
				FRAMEWORK_SEARCH_PATHS = (
					"$(inherited)",
					"$(PROJECT_DIR)/NaiveStudio/lib",
				);
				INFOPLIST_FILE = NaiveStudio/Info.plist;
				IPHONEOS_DEPLOYMENT_TARGET = 10.0;
				LD_RUNPATH_SEARCH_PATHS = "$(inherited) @executable_path/Frameworks";
				LIBRARY_SEARCH_PATHS = (
					"$(inherited)",
					"$(PROJECT_DIR)/NaiveStudio/Dependency/thirdparty/sim",
				);
				PRODUCT_BUNDLE_IDENTIFIER = com.tencent.dnfgamehelper;
				PRODUCT_NAME = "$(TARGET_NAME)";
				PROVISIONING_PROFILE = "85fa56aa-396b-4522-aab6-df43df009449";
				PROVISIONING_PROFILE_SPECIFIER = dev;
				TARGETED_DEVICE_FAMILY = "1,2";
			};
			name = Debug;
		};
		D4E06E9D203701CA0095F442 /* Release */ = {
			isa = XCBuildConfiguration;
			buildSettings = {
				ASSETCATALOG_COMPILER_APPICON_NAME = AppIcon;
				"CODE_SIGN_IDENTITY[sdk=iphoneos*]" = "iPhone Developer";
				CODE_SIGN_STYLE = Manual;
				DEVELOPMENT_TEAM = "";
				FRAMEWORK_SEARCH_PATHS = (
					"$(inherited)",
					"$(PROJECT_DIR)/NaiveStudio/lib",
				);
				INFOPLIST_FILE = NaiveStudio/Info.plist;
				IPHONEOS_DEPLOYMENT_TARGET = 10.0;
				LD_RUNPATH_SEARCH_PATHS = "$(inherited) @executable_path/Frameworks";
				LIBRARY_SEARCH_PATHS = (
					"$(inherited)",
					"$(PROJECT_DIR)/NaiveStudio/Dependency/thirdparty/sim",
				);
				PRODUCT_BUNDLE_IDENTIFIER = bd.NaiveStudio;
				PRODUCT_NAME = "$(TARGET_NAME)";
				PROVISIONING_PROFILE_SPECIFIER = "";
				TARGETED_DEVICE_FAMILY = "1,2";
			};
			name = Release;
		};
		D4E06E9F203701CA0095F442 /* Debug */ = {
			isa = XCBuildConfiguration;
			buildSettings = {
				BUNDLE_LOADER = "$(TEST_HOST)";
				CODE_SIGN_STYLE = Automatic;
				INFOPLIST_FILE = NaiveStudioTests/Info.plist;
				LD_RUNPATH_SEARCH_PATHS = "$(inherited) @executable_path/Frameworks @loader_path/Frameworks";
				PRODUCT_BUNDLE_IDENTIFIER = bd.NaiveStudioTests;
				PRODUCT_NAME = "$(TARGET_NAME)";
				TARGETED_DEVICE_FAMILY = "1,2";
				TEST_HOST = "$(BUILT_PRODUCTS_DIR)/NaiveStudio.app/NaiveStudio";
			};
			name = Debug;
		};
		D4E06EA0203701CA0095F442 /* Release */ = {
			isa = XCBuildConfiguration;
			buildSettings = {
				BUNDLE_LOADER = "$(TEST_HOST)";
				CODE_SIGN_STYLE = Automatic;
				INFOPLIST_FILE = NaiveStudioTests/Info.plist;
				LD_RUNPATH_SEARCH_PATHS = "$(inherited) @executable_path/Frameworks @loader_path/Frameworks";
				PRODUCT_BUNDLE_IDENTIFIER = bd.NaiveStudioTests;
				PRODUCT_NAME = "$(TARGET_NAME)";
				TARGETED_DEVICE_FAMILY = "1,2";
				TEST_HOST = "$(BUILT_PRODUCTS_DIR)/NaiveStudio.app/NaiveStudio";
			};
			name = Release;
		};
		F31D7F882122FB5600E11E5F /* Debug */ = {
			isa = XCBuildConfiguration;
			buildSettings = {
				CLANG_ENABLE_OBJC_WEAK = YES;
				CLANG_WARN_DEPRECATED_OBJC_IMPLEMENTATIONS = YES;
				CLANG_WARN_OBJC_IMPLICIT_RETAIN_SELF = YES;
				CODE_SIGN_STYLE = Automatic;
				COPY_PHASE_STRIP = YES;
				GCC_C_LANGUAGE_STANDARD = gnu11;
				GCC_GENERATE_DEBUGGING_SYMBOLS = NO;
				IPHONEOS_DEPLOYMENT_TARGET = 8.0;
				LIBRARY_SEARCH_PATHS = (
					"$(inherited)",
					"$(PROJECT_DIR)/NaiveStudio/Dependency/thirdparty/sim",
				);
				OTHER_LDFLAGS = "-ObjC";
				PRODUCT_NAME = "$(TARGET_NAME)";
				SKIP_INSTALL = YES;
				TARGETED_DEVICE_FAMILY = "1,2";
			};
			name = Debug;
		};
		F31D7F892122FB5600E11E5F /* Release */ = {
			isa = XCBuildConfiguration;
			buildSettings = {
				CLANG_ENABLE_OBJC_WEAK = YES;
				CLANG_WARN_DEPRECATED_OBJC_IMPLEMENTATIONS = YES;
				CLANG_WARN_OBJC_IMPLICIT_RETAIN_SELF = YES;
				CODE_SIGN_STYLE = Automatic;
				COPY_PHASE_STRIP = YES;
				GCC_C_LANGUAGE_STANDARD = gnu11;
				GCC_GENERATE_DEBUGGING_SYMBOLS = NO;
				IPHONEOS_DEPLOYMENT_TARGET = 8.0;
				LIBRARY_SEARCH_PATHS = (
					"$(inherited)",
					"$(PROJECT_DIR)/NaiveStudio/Dependency/thirdparty/sim",
				);
				OTHER_LDFLAGS = "-ObjC";
				PRODUCT_NAME = "$(TARGET_NAME)";
				SKIP_INSTALL = YES;
				TARGETED_DEVICE_FAMILY = "1,2";
			};
			name = Release;
		};
		F3D021C421E4934D00C05483 /* Debug */ = {
			isa = XCBuildConfiguration;
			buildSettings = {
				ASSETCATALOG_COMPILER_APPICON_NAME = AppIcon;
				CLANG_ENABLE_OBJC_WEAK = YES;
				CODE_SIGN_ENTITLEMENTS = NaiveStudioMAC/NaiveStudioMAC.entitlements;
				CODE_SIGN_IDENTITY = "-";
				CODE_SIGN_STYLE = Automatic;
				COMBINE_HIDPI_IMAGES = YES;
				INFOPLIST_FILE = NaiveStudioMAC/Info.plist;
				LD_RUNPATH_SEARCH_PATHS = "$(inherited) @executable_path/../Frameworks";
				MACOSX_DEPLOYMENT_TARGET = 10.14;
				MTL_ENABLE_DEBUG_INFO = INCLUDE_SOURCE;
				MTL_FAST_MATH = YES;
				PRODUCT_BUNDLE_IDENTIFIER = bd.NaiveStudioMAC;
				PRODUCT_NAME = "$(TARGET_NAME)";
				SDKROOT = macosx;
			};
			name = Debug;
		};
		F3D021C521E4934D00C05483 /* Release */ = {
			isa = XCBuildConfiguration;
			buildSettings = {
				ASSETCATALOG_COMPILER_APPICON_NAME = AppIcon;
				CLANG_ENABLE_OBJC_WEAK = YES;
				CODE_SIGN_ENTITLEMENTS = NaiveStudioMAC/NaiveStudioMAC.entitlements;
				CODE_SIGN_IDENTITY = "-";
				CODE_SIGN_STYLE = Automatic;
				COMBINE_HIDPI_IMAGES = YES;
				INFOPLIST_FILE = NaiveStudioMAC/Info.plist;
				LD_RUNPATH_SEARCH_PATHS = "$(inherited) @executable_path/../Frameworks";
				MACOSX_DEPLOYMENT_TARGET = 10.14;
				MTL_FAST_MATH = YES;
				PRODUCT_BUNDLE_IDENTIFIER = bd.NaiveStudioMAC;
				PRODUCT_NAME = "$(TARGET_NAME)";
				SDKROOT = macosx;
			};
			name = Release;
		};
		F3D021C721E4934D00C05483 /* Debug */ = {
			isa = XCBuildConfiguration;
			buildSettings = {
				BUNDLE_LOADER = "$(TEST_HOST)";
				CLANG_ENABLE_OBJC_WEAK = YES;
				CODE_SIGN_IDENTITY = "-";
				CODE_SIGN_STYLE = Automatic;
				COMBINE_HIDPI_IMAGES = YES;
				INFOPLIST_FILE = NaiveStudioMACTests/Info.plist;
				LD_RUNPATH_SEARCH_PATHS = "$(inherited) @executable_path/../Frameworks @loader_path/../Frameworks";
				MACOSX_DEPLOYMENT_TARGET = 10.14;
				MTL_ENABLE_DEBUG_INFO = INCLUDE_SOURCE;
				MTL_FAST_MATH = YES;
				PRODUCT_BUNDLE_IDENTIFIER = bd.NaiveStudioMACTests;
				PRODUCT_NAME = "$(TARGET_NAME)";
				SDKROOT = macosx;
				TEST_HOST = "$(BUILT_PRODUCTS_DIR)/NaiveStudioMAC.app/Contents/MacOS/NaiveStudioMAC";
			};
			name = Debug;
		};
		F3D021C821E4934D00C05483 /* Release */ = {
			isa = XCBuildConfiguration;
			buildSettings = {
				BUNDLE_LOADER = "$(TEST_HOST)";
				CLANG_ENABLE_OBJC_WEAK = YES;
				CODE_SIGN_IDENTITY = "-";
				CODE_SIGN_STYLE = Automatic;
				COMBINE_HIDPI_IMAGES = YES;
				INFOPLIST_FILE = NaiveStudioMACTests/Info.plist;
				LD_RUNPATH_SEARCH_PATHS = "$(inherited) @executable_path/../Frameworks @loader_path/../Frameworks";
				MACOSX_DEPLOYMENT_TARGET = 10.14;
				MTL_FAST_MATH = YES;
				PRODUCT_BUNDLE_IDENTIFIER = bd.NaiveStudioMACTests;
				PRODUCT_NAME = "$(TARGET_NAME)";
				SDKROOT = macosx;
				TEST_HOST = "$(BUILT_PRODUCTS_DIR)/NaiveStudioMAC.app/Contents/MacOS/NaiveStudioMAC";
			};
			name = Release;
		};
/* End XCBuildConfiguration section */

/* Begin XCConfigurationList section */
		D4E06E75203701C90095F442 /* Build configuration list for PBXProject "NaiveStudio" */ = {
			isa = XCConfigurationList;
			buildConfigurations = (
				D4E06E99203701CA0095F442 /* Debug */,
				D4E06E9A203701CA0095F442 /* Release */,
			);
			defaultConfigurationIsVisible = 0;
			defaultConfigurationName = Release;
		};
		D4E06E9B203701CA0095F442 /* Build configuration list for PBXNativeTarget "NaiveStudio" */ = {
			isa = XCConfigurationList;
			buildConfigurations = (
				D4E06E9C203701CA0095F442 /* Debug */,
				D4E06E9D203701CA0095F442 /* Release */,
			);
			defaultConfigurationIsVisible = 0;
			defaultConfigurationName = Release;
		};
		D4E06E9E203701CA0095F442 /* Build configuration list for PBXNativeTarget "NaiveStudioTests" */ = {
			isa = XCConfigurationList;
			buildConfigurations = (
				D4E06E9F203701CA0095F442 /* Debug */,
				D4E06EA0203701CA0095F442 /* Release */,
			);
			defaultConfigurationIsVisible = 0;
			defaultConfigurationName = Release;
		};
		F31D7F8A2122FB5600E11E5F /* Build configuration list for PBXNativeTarget "OnlineDebugToolkit" */ = {
			isa = XCConfigurationList;
			buildConfigurations = (
				F31D7F882122FB5600E11E5F /* Debug */,
				F31D7F892122FB5600E11E5F /* Release */,
			);
			defaultConfigurationIsVisible = 0;
			defaultConfigurationName = Release;
		};
		F3D021C321E4934D00C05483 /* Build configuration list for PBXNativeTarget "NaiveStudioMAC" */ = {
			isa = XCConfigurationList;
			buildConfigurations = (
				F3D021C421E4934D00C05483 /* Debug */,
				F3D021C521E4934D00C05483 /* Release */,
			);
			defaultConfigurationIsVisible = 0;
			defaultConfigurationName = Release;
		};
		F3D021C621E4934D00C05483 /* Build configuration list for PBXNativeTarget "NaiveStudioMACTests" */ = {
			isa = XCConfigurationList;
			buildConfigurations = (
				F3D021C721E4934D00C05483 /* Debug */,
				F3D021C821E4934D00C05483 /* Release */,
			);
			defaultConfigurationIsVisible = 0;
			defaultConfigurationName = Release;
		};
/* End XCConfigurationList section */
	};
	rootObject = D4E06E72203701C90095F442 /* Project object */;
}
